PODS:
  - Alamofire (4.9.1)
  - DGCharts (5.1.0):
    - DGCharts/Core (= 5.1.0)
  - DGCharts/Core (5.1.0)
  - DropDown (2.3.13)
  - FittedSheets (2.6.1)
  - IQKeyboardManagerSwift (6.5.16)
  - Kingfisher (5.15.8):
    - Kingfisher/Core (= 5.15.8)
  - Kingfisher/Core (5.15.8)
  - ObjectMapper (4.4.2)
  - Printer (4.1.0)
  - SideMenu (6.5.0)

DEPENDENCIES:
  - Alamofire (~> 4.8)
  - DGCharts
  - DropDown
  - FittedSheets
  - IQKeyboardManagerSwift (~> 6.0)
  - Kingfisher (~> 5.15.7)
  - ObjectMapper
  - Printer (from `https://github.com/KevinGong2013/Printer.git`, branch `refactor`)
  - SideMenu (~> 6.0)

SPEC REPOS:
  trunk:
    - Alamofire
    - DGCharts
    - DropDown
    - FittedSheets
    - IQKeyboardManagerSwift
    - Kingfisher
    - ObjectMapper
    - SideMenu

EXTERNAL SOURCES:
  Printer:
    :branch: refactor
    :git: https://github.com/KevinGong2013/Printer.git

CHECKOUT OPTIONS:
  Printer:
    :commit: 86074c9a3a6c5268095d543608a8d24c1efe2070
    :git: https://github.com/KevinGong2013/Printer.git

SPEC CHECKSUMS:
  Alamofire: 85e8a02c69d6020a0d734f6054870d7ecb75cf18
  DGCharts: 1c6daf585b6cfc78807af44ea690d357c410627f
  DropDown: 8a2116376c1981888557f72ec2ffc9a5e0e456ec
  FittedSheets: 37e35f105c531f3845075f1788dd8517a35315c4
  IQKeyboardManagerSwift: 12d89768845bb77b55cc092ecc2b1f9370f06b76
  Kingfisher: a3c03d702433fa6cfedabb2bddbe076fb8f2e902
  ObjectMapper: e6e4d91ff7f2861df7aecc536c92d8363f4c9677
  Printer: c762f8704aaa80c2a793a5ebd6757db2c7428e5d
  SideMenu: f583187d21c5b1dd04c72002be544b555a2627a2

PODFILE CHECKSUM: 65116e4175d9b85bbc56dfdcd46c2c1034c33c2c

COCOAPODS: 1.14.2
