// !$*UTF8*$!
{
	archiveVersion = 1;
	classes = {
	};
	objectVersion = 56;
	objects = {

/* Begin PBXBuildFile section */
		0B1C18002A15676B0097B7F1 /* LoadingVC.swift in Sources */ = {isa = PBXBuildFile; fileRef = 0B1C17FE2A15676B0097B7F1 /* LoadingVC.swift */; };
		0B1C18012A15676B0097B7F1 /* LoadingVC.xib in Resources */ = {isa = PBXBuildFile; fileRef = 0B1C17FF2A15676B0097B7F1 /* LoadingVC.xib */; };
		0B1D555C2A6D20C00071E8F0 /* ChartDayCell.swift in Sources */ = {isa = PBXBuildFile; fileRef = 0B1D555A2A6D20C00071E8F0 /* ChartDayCell.swift */; };
		0B1D555D2A6D20C00071E8F0 /* ChartDayCell.xib in Resources */ = {isa = PBXBuildFile; fileRef = 0B1D555B2A6D20C00071E8F0 /* ChartDayCell.xib */; };
		0B1D55682A6D937E0071E8F0 /* ReportMainVC.swift in Sources */ = {isa = PBXBuildFile; fileRef = 0B1D55662A6D937E0071E8F0 /* ReportMainVC.swift */; };
		0B1D55692A6D937E0071E8F0 /* ReportMainVC.xib in Resources */ = {isa = PBXBuildFile; fileRef = 0B1D55672A6D937E0071E8F0 /* ReportMainVC.xib */; };
		0B1FAE612A344E6F00A81565 /* MainActionVC.swift in Sources */ = {isa = PBXBuildFile; fileRef = 0B1FAE5F2A344E6F00A81565 /* MainActionVC.swift */; };
		0B1FAE622A344E6F00A81565 /* MainActionVC.xib in Resources */ = {isa = PBXBuildFile; fileRef = 0B1FAE602A344E6F00A81565 /* MainActionVC.xib */; };
		0B2054982A3A23DB00BA333D /* ServiceVC.swift in Sources */ = {isa = PBXBuildFile; fileRef = 0B2054962A3A23DB00BA333D /* ServiceVC.swift */; };
		0B2054992A3A23DB00BA333D /* ServiceVC.xib in Resources */ = {isa = PBXBuildFile; fileRef = 0B2054972A3A23DB00BA333D /* ServiceVC.xib */; };
		0B20549C2A3A260900BA333D /* ServiceItemCell.swift in Sources */ = {isa = PBXBuildFile; fileRef = 0B20549A2A3A260900BA333D /* ServiceItemCell.swift */; };
		0B20549D2A3A260900BA333D /* ServiceItemCell.xib in Resources */ = {isa = PBXBuildFile; fileRef = 0B20549B2A3A260900BA333D /* ServiceItemCell.xib */; };
		0B2054A02A3A28CB00BA333D /* ServiceDetailVC.swift in Sources */ = {isa = PBXBuildFile; fileRef = 0B20549E2A3A28CB00BA333D /* ServiceDetailVC.swift */; };
		0B2054A12A3A28CB00BA333D /* ServiceDetailVC.xib in Resources */ = {isa = PBXBuildFile; fileRef = 0B20549F2A3A28CB00BA333D /* ServiceDetailVC.xib */; };
		0B2141612A13BCC100CCAAB4 /* CreateInfoVC.swift in Sources */ = {isa = PBXBuildFile; fileRef = 0B21415F2A13BCC100CCAAB4 /* CreateInfoVC.swift */; };
		0B2141622A13BCC100CCAAB4 /* CreateInfoVC.xib in Resources */ = {isa = PBXBuildFile; fileRef = 0B2141602A13BCC100CCAAB4 /* CreateInfoVC.xib */; };
		0B2141652A13BE5D00CCAAB4 /* StoreInfoCell.swift in Sources */ = {isa = PBXBuildFile; fileRef = 0B2141632A13BE5D00CCAAB4 /* StoreInfoCell.swift */; };
		0B2141662A13BE5D00CCAAB4 /* StoreInfoCell.xib in Resources */ = {isa = PBXBuildFile; fileRef = 0B2141642A13BE5D00CCAAB4 /* StoreInfoCell.xib */; };
		0B2141692A13DAB900CCAAB4 /* MainCell.swift in Sources */ = {isa = PBXBuildFile; fileRef = 0B2141672A13DAB900CCAAB4 /* MainCell.swift */; };
		0B21416A2A13DAB900CCAAB4 /* MainCell.xib in Resources */ = {isa = PBXBuildFile; fileRef = 0B2141682A13DAB900CCAAB4 /* MainCell.xib */; };
		0B21416E2A13E8CE00CCAAB4 /* CreateCalenderVC.swift in Sources */ = {isa = PBXBuildFile; fileRef = 0B21416C2A13E8CE00CCAAB4 /* CreateCalenderVC.swift */; };
		0B21416F2A13E8CE00CCAAB4 /* CreateCalenderVC.xib in Resources */ = {isa = PBXBuildFile; fileRef = 0B21416D2A13E8CE00CCAAB4 /* CreateCalenderVC.xib */; };
		0B33C63C2A70346900201CA0 /* RPHeaderCell.swift in Sources */ = {isa = PBXBuildFile; fileRef = 0B33C63A2A70346900201CA0 /* RPHeaderCell.swift */; };
		0B33C63D2A70346900201CA0 /* RPHeaderCell.xib in Resources */ = {isa = PBXBuildFile; fileRef = 0B33C63B2A70346900201CA0 /* RPHeaderCell.xib */; };
		0B3D44F32A2F70F200A6186C /* ChonDichVuVC.swift in Sources */ = {isa = PBXBuildFile; fileRef = 0B3D44F12A2F70F200A6186C /* ChonDichVuVC.swift */; };
		0B3D44F42A2F70F200A6186C /* ChonDichVuVC.xib in Resources */ = {isa = PBXBuildFile; fileRef = 0B3D44F22A2F70F200A6186C /* ChonDichVuVC.xib */; };
		0B3D44F72A2F79B200A6186C /* ChonDichVuCell.swift in Sources */ = {isa = PBXBuildFile; fileRef = 0B3D44F52A2F79B200A6186C /* ChonDichVuCell.swift */; };
		0B3D44F82A2F79B200A6186C /* ChonDichVuCell.xib in Resources */ = {isa = PBXBuildFile; fileRef = 0B3D44F62A2F79B200A6186C /* ChonDichVuCell.xib */; };
		0B4CA3302A7821240084B845 /* beautiful-color-palettes-combinations-schemes-rainbow-dash.png in Resources */ = {isa = PBXBuildFile; fileRef = 0B4CA32F2A7821240084B845 /* beautiful-color-palettes-combinations-schemes-rainbow-dash.png */; };
		0B5012332A516899009D3C0B /* MainFilterVC.swift in Sources */ = {isa = PBXBuildFile; fileRef = 0B5012312A516899009D3C0B /* MainFilterVC.swift */; };
		0B5012342A516899009D3C0B /* MainFilterVC.xib in Resources */ = {isa = PBXBuildFile; fileRef = 0B5012322A516899009D3C0B /* MainFilterVC.xib */; };
		0B5B0EB42A2B564600E4B48A /* CreateEmployeeVC.swift in Sources */ = {isa = PBXBuildFile; fileRef = 0B5B0EB22A2B564600E4B48A /* CreateEmployeeVC.swift */; };
		0B5B0EB52A2B564600E4B48A /* CreateEmployeeVC.xib in Resources */ = {isa = PBXBuildFile; fileRef = 0B5B0EB32A2B564600E4B48A /* CreateEmployeeVC.xib */; };
		0B5B0EB82A2B9EA300E4B48A /* CreateEmployeeCell.swift in Sources */ = {isa = PBXBuildFile; fileRef = 0B5B0EB62A2B9EA300E4B48A /* CreateEmployeeCell.swift */; };
		0B5B0EB92A2B9EA300E4B48A /* CreateEmployeeCell.xib in Resources */ = {isa = PBXBuildFile; fileRef = 0B5B0EB72A2B9EA300E4B48A /* CreateEmployeeCell.xib */; };
		0B5D18512A0A968C004E47FD /* CacheManager.swift in Sources */ = {isa = PBXBuildFile; fileRef = 0B5D18502A0A968C004E47FD /* CacheManager.swift */; };
		0B5D18532A0A97D0004E47FD /* KeyCommon.swift in Sources */ = {isa = PBXBuildFile; fileRef = 0B5D18522A0A97D0004E47FD /* KeyCommon.swift */; };
		0B5D185C2A0A9EB6004E47FD /* MainUser.swift in Sources */ = {isa = PBXBuildFile; fileRef = 0B5D185B2A0A9EB6004E47FD /* MainUser.swift */; };
		0B5D185E2A0A9F69004E47FD /* PStore.swift in Sources */ = {isa = PBXBuildFile; fileRef = 0B5D185D2A0A9F69004E47FD /* PStore.swift */; };
		0B5D18602A0AA132004E47FD /* PCustomer.swift in Sources */ = {isa = PBXBuildFile; fileRef = 0B5D185F2A0AA132004E47FD /* PCustomer.swift */; };
		0B5D18622A0AA2DC004E47FD /* PEmployee.swift in Sources */ = {isa = PBXBuildFile; fileRef = 0B5D18612A0AA2DC004E47FD /* PEmployee.swift */; };
		0B5D18642A0AA355004E47FD /* PBookCalender.swift in Sources */ = {isa = PBXBuildFile; fileRef = 0B5D18632A0AA355004E47FD /* PBookCalender.swift */; };
		0B5D18662A0AA54F004E47FD /* PProduct.swift in Sources */ = {isa = PBXBuildFile; fileRef = 0B5D18652A0AA54F004E47FD /* PProduct.swift */; };
		0B5D18682A0AA5F3004E47FD /* PServices.swift in Sources */ = {isa = PBXBuildFile; fileRef = 0B5D18672A0AA5F3004E47FD /* PServices.swift */; };
		0B73E5BC2A72CB1800C4575A /* RPEmployeeCell.swift in Sources */ = {isa = PBXBuildFile; fileRef = 0B73E5BA2A72CB1800C4575A /* RPEmployeeCell.swift */; };
		0B73E5BD2A72CB1800C4575A /* RPEmployeeCell.xib in Resources */ = {isa = PBXBuildFile; fileRef = 0B73E5BB2A72CB1800C4575A /* RPEmployeeCell.xib */; };
		0B74DFB72A33F39F005FDA97 /* MActDeleteVC.swift in Sources */ = {isa = PBXBuildFile; fileRef = 0B74DFB52A33F39F005FDA97 /* MActDeleteVC.swift */; };
		0B74DFB82A33F39F005FDA97 /* MActDeleteVC.xib in Resources */ = {isa = PBXBuildFile; fileRef = 0B74DFB62A33F39F005FDA97 /* MActDeleteVC.xib */; };
		0B74DFBB2A3409FC005FDA97 /* MActSuccessVC.swift in Sources */ = {isa = PBXBuildFile; fileRef = 0B74DFB92A3409FC005FDA97 /* MActSuccessVC.swift */; };
		0B74DFBC2A3409FC005FDA97 /* MActSuccessVC.xib in Resources */ = {isa = PBXBuildFile; fileRef = 0B74DFBA2A3409FC005FDA97 /* MActSuccessVC.xib */; };
		0B76B93F2A7441F900B91761 /* PReport.swift in Sources */ = {isa = PBXBuildFile; fileRef = 0B76B93E2A7441F800B91761 /* PReport.swift */; };
		0B7B90E42A07A3E600D99642 /* LoginVC.swift in Sources */ = {isa = PBXBuildFile; fileRef = 0B7B90E22A07A3E600D99642 /* LoginVC.swift */; };
		0B7B90E52A07A3E600D99642 /* LoginVC.xib in Resources */ = {isa = PBXBuildFile; fileRef = 0B7B90E32A07A3E600D99642 /* LoginVC.xib */; };
		0B8F9E2E2A6C276600D24CB3 /* ChartEmployeeCell.swift in Sources */ = {isa = PBXBuildFile; fileRef = 0B8F9E2C2A6C276600D24CB3 /* ChartEmployeeCell.swift */; };
		0B8F9E2F2A6C276600D24CB3 /* ChartEmployeeCell.xib in Resources */ = {isa = PBXBuildFile; fileRef = 0B8F9E2D2A6C276600D24CB3 /* ChartEmployeeCell.xib */; };
		0B8F9E322A6C3DBD00D24CB3 /* ChonVNVC.swift in Sources */ = {isa = PBXBuildFile; fileRef = 0B8F9E302A6C3DBD00D24CB3 /* ChonVNVC.swift */; };
		0B8F9E332A6C3DBD00D24CB3 /* ChonVNVC.xib in Resources */ = {isa = PBXBuildFile; fileRef = 0B8F9E312A6C3DBD00D24CB3 /* ChonVNVC.xib */; };
		0B9244292A4888D8001AF674 /* CustomerDetailVC.swift in Sources */ = {isa = PBXBuildFile; fileRef = 0B9244272A4888D8001AF674 /* CustomerDetailVC.swift */; };
		0B92442A2A4888D8001AF674 /* CustomerDetailVC.xib in Resources */ = {isa = PBXBuildFile; fileRef = 0B9244282A4888D8001AF674 /* CustomerDetailVC.xib */; };
		0B9BAFAD2A1A22F2008679DE /* TakePhotoVC.swift in Sources */ = {isa = PBXBuildFile; fileRef = 0B9BAFAB2A1A22F2008679DE /* TakePhotoVC.swift */; };
		0B9BAFAE2A1A22F2008679DE /* TakePhotoVC.xib in Resources */ = {isa = PBXBuildFile; fileRef = 0B9BAFAC2A1A22F2008679DE /* TakePhotoVC.xib */; };
		0BA332A92A2C87F2007ACB14 /* CustomerVC.swift in Sources */ = {isa = PBXBuildFile; fileRef = 0BA332A72A2C87F2007ACB14 /* CustomerVC.swift */; };
		0BA332AA2A2C87F2007ACB14 /* CustomerVC.xib in Resources */ = {isa = PBXBuildFile; fileRef = 0BA332A82A2C87F2007ACB14 /* CustomerVC.xib */; };
		0BA332AD2A2C8A33007ACB14 /* CustomerItemCell.swift in Sources */ = {isa = PBXBuildFile; fileRef = 0BA332AB2A2C8A33007ACB14 /* CustomerItemCell.swift */; };
		0BA332AE2A2C8A33007ACB14 /* CustomerItemCell.xib in Resources */ = {isa = PBXBuildFile; fileRef = 0BA332AC2A2C8A33007ACB14 /* CustomerItemCell.xib */; };
		0BB1D2202A32421400516F25 /* DichVuCell.swift in Sources */ = {isa = PBXBuildFile; fileRef = 0BB1D21E2A32421400516F25 /* DichVuCell.swift */; };
		0BB1D2212A32421400516F25 /* DichVuCell.xib in Resources */ = {isa = PBXBuildFile; fileRef = 0BB1D21F2A32421400516F25 /* DichVuCell.xib */; };
		0BB37E1B2A5EDE070003AAA3 /* ItemServicesCell.swift in Sources */ = {isa = PBXBuildFile; fileRef = 0BB37E192A5EDE070003AAA3 /* ItemServicesCell.swift */; };
		0BB37E1C2A5EDE070003AAA3 /* ItemServicesCell.xib in Resources */ = {isa = PBXBuildFile; fileRef = 0BB37E1A2A5EDE070003AAA3 /* ItemServicesCell.xib */; };
		0BB420642A2A5ED10008B7D7 /* EmployeeVC.swift in Sources */ = {isa = PBXBuildFile; fileRef = 0BB420622A2A5ED10008B7D7 /* EmployeeVC.swift */; };
		0BB420652A2A5ED10008B7D7 /* EmployeeVC.xib in Resources */ = {isa = PBXBuildFile; fileRef = 0BB420632A2A5ED10008B7D7 /* EmployeeVC.xib */; };
		0BB420682A2A63450008B7D7 /* EmployeeItemCell.swift in Sources */ = {isa = PBXBuildFile; fileRef = 0BB420662A2A63450008B7D7 /* EmployeeItemCell.swift */; };
		0BB420692A2A63450008B7D7 /* EmployeeItemCell.xib in Resources */ = {isa = PBXBuildFile; fileRef = 0BB420672A2A63450008B7D7 /* EmployeeItemCell.xib */; };
		0BB43EE229FAC54700F1DE85 /* TabBarVC.swift in Sources */ = {isa = PBXBuildFile; fileRef = 0BB43EE129FAC54700F1DE85 /* TabBarVC.swift */; };
		0BB43EE529FAC56900F1DE85 /* MainVC.swift in Sources */ = {isa = PBXBuildFile; fileRef = 0BB43EE329FAC56900F1DE85 /* MainVC.swift */; };
		0BB43EE629FAC56900F1DE85 /* MainVC.xib in Resources */ = {isa = PBXBuildFile; fileRef = 0BB43EE429FAC56900F1DE85 /* MainVC.xib */; };
		0BB43EED29FAC59100F1DE85 /* PayVC.swift in Sources */ = {isa = PBXBuildFile; fileRef = 0BB43EEB29FAC59100F1DE85 /* PayVC.swift */; };
		0BB43EEE29FAC59100F1DE85 /* PayVC.xib in Resources */ = {isa = PBXBuildFile; fileRef = 0BB43EEC29FAC59100F1DE85 /* PayVC.xib */; };
		0BB43EFE29FAD82F00F1DE85 /* Rubik-ExtraBoldItalic.ttf in Resources */ = {isa = PBXBuildFile; fileRef = 0BB43EF029FAD82E00F1DE85 /* Rubik-ExtraBoldItalic.ttf */; };
		0BB43EFF29FAD82F00F1DE85 /* Rubik-BoldItalic.ttf in Resources */ = {isa = PBXBuildFile; fileRef = 0BB43EF129FAD82E00F1DE85 /* Rubik-BoldItalic.ttf */; };
		0BB43F0029FAD82F00F1DE85 /* Rubik-SemiBoldItalic.ttf in Resources */ = {isa = PBXBuildFile; fileRef = 0BB43EF229FAD82E00F1DE85 /* Rubik-SemiBoldItalic.ttf */; };
		0BB43F0129FAD82F00F1DE85 /* Rubik-Light.ttf in Resources */ = {isa = PBXBuildFile; fileRef = 0BB43EF329FAD82E00F1DE85 /* Rubik-Light.ttf */; };
		0BB43F0229FAD82F00F1DE85 /* Rubik-Italic.ttf in Resources */ = {isa = PBXBuildFile; fileRef = 0BB43EF429FAD82E00F1DE85 /* Rubik-Italic.ttf */; };
		0BB43F0329FAD82F00F1DE85 /* Rubik-SemiBold.ttf in Resources */ = {isa = PBXBuildFile; fileRef = 0BB43EF529FAD82E00F1DE85 /* Rubik-SemiBold.ttf */; };
		0BB43F0429FAD82F00F1DE85 /* Rubik-Regular.ttf in Resources */ = {isa = PBXBuildFile; fileRef = 0BB43EF629FAD82E00F1DE85 /* Rubik-Regular.ttf */; };
		0BB43F0529FAD82F00F1DE85 /* Rubik-Bold.ttf in Resources */ = {isa = PBXBuildFile; fileRef = 0BB43EF729FAD82E00F1DE85 /* Rubik-Bold.ttf */; };
		0BB43F0629FAD82F00F1DE85 /* Rubik-BlackItalic.ttf in Resources */ = {isa = PBXBuildFile; fileRef = 0BB43EF829FAD82F00F1DE85 /* Rubik-BlackItalic.ttf */; };
		0BB43F0729FAD82F00F1DE85 /* Rubik-LightItalic.ttf in Resources */ = {isa = PBXBuildFile; fileRef = 0BB43EF929FAD82F00F1DE85 /* Rubik-LightItalic.ttf */; };
		0BB43F0829FAD82F00F1DE85 /* Rubik-ExtraBold.ttf in Resources */ = {isa = PBXBuildFile; fileRef = 0BB43EFA29FAD82F00F1DE85 /* Rubik-ExtraBold.ttf */; };
		0BB43F0929FAD82F00F1DE85 /* Rubik-Medium.ttf in Resources */ = {isa = PBXBuildFile; fileRef = 0BB43EFB29FAD82F00F1DE85 /* Rubik-Medium.ttf */; };
		0BB43F0A29FAD82F00F1DE85 /* Rubik-Black.ttf in Resources */ = {isa = PBXBuildFile; fileRef = 0BB43EFC29FAD82F00F1DE85 /* Rubik-Black.ttf */; };
		0BB43F0B29FAD82F00F1DE85 /* Rubik-MediumItalic.ttf in Resources */ = {isa = PBXBuildFile; fileRef = 0BB43EFD29FAD82F00F1DE85 /* Rubik-MediumItalic.ttf */; };
		0BB7FDD72A19CAA7005EF9B9 /* CreateCustomerVC.swift in Sources */ = {isa = PBXBuildFile; fileRef = 0BB7FDD52A19CAA7005EF9B9 /* CreateCustomerVC.swift */; };
		0BB7FDD82A19CAA7005EF9B9 /* CreateCustomerVC.xib in Resources */ = {isa = PBXBuildFile; fileRef = 0BB7FDD62A19CAA7005EF9B9 /* CreateCustomerVC.xib */; };
		0BB7FDDF2A19D6A8005EF9B9 /* CreateCustomerCell.swift in Sources */ = {isa = PBXBuildFile; fileRef = 0BB7FDDD2A19D6A8005EF9B9 /* CreateCustomerCell.swift */; };
		0BB7FDE02A19D6A8005EF9B9 /* CreateCustomerCell.xib in Resources */ = {isa = PBXBuildFile; fileRef = 0BB7FDDE2A19D6A8005EF9B9 /* CreateCustomerCell.xib */; };
		0BCF19852A43696A004F11CB /* ParamSearch.swift in Sources */ = {isa = PBXBuildFile; fileRef = 0BCF19842A43696A004F11CB /* ParamSearch.swift */; };
		0BD0CF762A347B7200A0BBE5 /* EmployeeDetailVC.swift in Sources */ = {isa = PBXBuildFile; fileRef = 0BD0CF742A347B7200A0BBE5 /* EmployeeDetailVC.swift */; };
		0BD0CF772A347B7200A0BBE5 /* EmployeeDetailVC.xib in Resources */ = {isa = PBXBuildFile; fileRef = 0BD0CF752A347B7200A0BBE5 /* EmployeeDetailVC.xib */; };
		0BD5BABF29F8A3DC009F2A66 /* HelloVC.swift in Sources */ = {isa = PBXBuildFile; fileRef = 0BD5BABD29F8A3DC009F2A66 /* HelloVC.swift */; };
		0BD5BAC029F8A3DC009F2A66 /* HelloVC.xib in Resources */ = {isa = PBXBuildFile; fileRef = 0BD5BABE29F8A3DC009F2A66 /* HelloVC.xib */; };
		0BD5BAC829F8A419009F2A66 /* LoginOwnerVC.swift in Sources */ = {isa = PBXBuildFile; fileRef = 0BD5BAC629F8A419009F2A66 /* LoginOwnerVC.swift */; };
		0BD5BAC929F8A419009F2A66 /* LoginOwnerVC.xib in Resources */ = {isa = PBXBuildFile; fileRef = 0BD5BAC729F8A419009F2A66 /* LoginOwnerVC.xib */; };
		0BD5BACC29F8A439009F2A66 /* LoginEmployeeVC.swift in Sources */ = {isa = PBXBuildFile; fileRef = 0BD5BACA29F8A439009F2A66 /* LoginEmployeeVC.swift */; };
		0BD5BACD29F8A439009F2A66 /* LoginEmployeeVC.xib in Resources */ = {isa = PBXBuildFile; fileRef = 0BD5BACB29F8A439009F2A66 /* LoginEmployeeVC.xib */; };
		0BD5BAD029F8A45B009F2A66 /* SignUpVC.swift in Sources */ = {isa = PBXBuildFile; fileRef = 0BD5BACE29F8A45B009F2A66 /* SignUpVC.swift */; };
		0BD5BAD129F8A45B009F2A66 /* SignUpVC.xib in Resources */ = {isa = PBXBuildFile; fileRef = 0BD5BACF29F8A45B009F2A66 /* SignUpVC.xib */; };
		0BD5BAD529F8A611009F2A66 /* SlideMenuVC.swift in Sources */ = {isa = PBXBuildFile; fileRef = 0BD5BAD329F8A611009F2A66 /* SlideMenuVC.swift */; };
		0BD5BAD629F8A611009F2A66 /* SlideMenuVC.xib in Resources */ = {isa = PBXBuildFile; fileRef = 0BD5BAD429F8A611009F2A66 /* SlideMenuVC.xib */; };
		0BD5BADB29F8A659009F2A66 /* OrderDetailVC.swift in Sources */ = {isa = PBXBuildFile; fileRef = 0BD5BAD929F8A659009F2A66 /* OrderDetailVC.swift */; };
		0BD5BADC29F8A659009F2A66 /* OrderDetailVC.xib in Resources */ = {isa = PBXBuildFile; fileRef = 0BD5BADA29F8A659009F2A66 /* OrderDetailVC.xib */; };
		0BD5BAE029F8A6B6009F2A66 /* HistoryTransactionVC.swift in Sources */ = {isa = PBXBuildFile; fileRef = 0BD5BADE29F8A6B6009F2A66 /* HistoryTransactionVC.swift */; };
		0BD5BAE129F8A6B6009F2A66 /* HistoryTransactionVC.xib in Resources */ = {isa = PBXBuildFile; fileRef = 0BD5BADF29F8A6B6009F2A66 /* HistoryTransactionVC.xib */; };
		0BD5BAE429F8A6D3009F2A66 /* TransactionFilterVC.swift in Sources */ = {isa = PBXBuildFile; fileRef = 0BD5BAE229F8A6D3009F2A66 /* TransactionFilterVC.swift */; };
		0BD5BAE529F8A6D3009F2A66 /* TransactionFilterVC.xib in Resources */ = {isa = PBXBuildFile; fileRef = 0BD5BAE329F8A6D3009F2A66 /* TransactionFilterVC.xib */; };
		0BD5BAF229F8A78D009F2A66 /* ManageStoreVC.swift in Sources */ = {isa = PBXBuildFile; fileRef = 0BD5BAF029F8A78D009F2A66 /* ManageStoreVC.swift */; };
		0BD5BAF329F8A78D009F2A66 /* ManageStoreVC.xib in Resources */ = {isa = PBXBuildFile; fileRef = 0BD5BAF129F8A78D009F2A66 /* ManageStoreVC.xib */; };
		0BD709422A370DA200D467EC /* QRVC.swift in Sources */ = {isa = PBXBuildFile; fileRef = 0BD709402A370DA200D467EC /* QRVC.swift */; };
		0BD709432A370DA200D467EC /* QRVC.xib in Resources */ = {isa = PBXBuildFile; fileRef = 0BD709412A370DA200D467EC /* QRVC.xib */; };
		0BD914332A4DEA96006C223B /* CustomerServicesCell.swift in Sources */ = {isa = PBXBuildFile; fileRef = 0BD914312A4DEA96006C223B /* CustomerServicesCell.swift */; };
		0BD914342A4DEA96006C223B /* CustomerServicesCell.xib in Resources */ = {isa = PBXBuildFile; fileRef = 0BD914322A4DEA96006C223B /* CustomerServicesCell.xib */; };
		0BE038E129F81F6D002CB20F /* AppDelegate.swift in Sources */ = {isa = PBXBuildFile; fileRef = 0BE038E029F81F6D002CB20F /* AppDelegate.swift */; };
		0BE038E329F81F6D002CB20F /* SceneDelegate.swift in Sources */ = {isa = PBXBuildFile; fileRef = 0BE038E229F81F6D002CB20F /* SceneDelegate.swift */; };
		0BE038E529F81F6D002CB20F /* ViewController.swift in Sources */ = {isa = PBXBuildFile; fileRef = 0BE038E429F81F6D002CB20F /* ViewController.swift */; };
		0BE038E829F81F6D002CB20F /* Main.storyboard in Resources */ = {isa = PBXBuildFile; fileRef = 0BE038E629F81F6D002CB20F /* Main.storyboard */; };
		0BE038EB29F81F6D002CB20F /* POS_App.xcdatamodeld in Sources */ = {isa = PBXBuildFile; fileRef = 0BE038E929F81F6D002CB20F /* POS_App.xcdatamodeld */; };
		0BE038ED29F81F6F002CB20F /* Assets.xcassets in Resources */ = {isa = PBXBuildFile; fileRef = 0BE038EC29F81F6F002CB20F /* Assets.xcassets */; };
		0BE038F029F81F6F002CB20F /* LaunchScreen.storyboard in Resources */ = {isa = PBXBuildFile; fileRef = 0BE038EE29F81F6F002CB20F /* LaunchScreen.storyboard */; };
		0BE0391B29F82039002CB20F /* BaseResponse.swift in Sources */ = {isa = PBXBuildFile; fileRef = 0BE038F829F82038002CB20F /* BaseResponse.swift */; };
		0BE0391C29F82039002CB20F /* ConnectionManager.swift in Sources */ = {isa = PBXBuildFile; fileRef = 0BE038F929F82038002CB20F /* ConnectionManager.swift */; };
		0BE0391D29F82039002CB20F /* BaseNetworking.swift in Sources */ = {isa = PBXBuildFile; fileRef = 0BE038FA29F82038002CB20F /* BaseNetworking.swift */; };
		0BE0391E29F82039002CB20F /* Params.swift in Sources */ = {isa = PBXBuildFile; fileRef = 0BE038FC29F82038002CB20F /* Params.swift */; };
		0BE0391F29F82039002CB20F /* Reachability.swift in Sources */ = {isa = PBXBuildFile; fileRef = 0BE038FD29F82038002CB20F /* Reachability.swift */; };
		0BE0392029F82039002CB20F /* ServiceManager.swift in Sources */ = {isa = PBXBuildFile; fileRef = 0BE038FE29F82038002CB20F /* ServiceManager.swift */; };
		0BE0392129F82039002CB20F /* CommonServices.swift in Sources */ = {isa = PBXBuildFile; fileRef = 0BE0390029F82038002CB20F /* CommonServices.swift */; };
		0BE0392429F82039002CB20F /* Constants.swift in Sources */ = {isa = PBXBuildFile; fileRef = 0BE0390B29F82039002CB20F /* Constants.swift */; };
		0BE0392529F82039002CB20F /* Logger.swift in Sources */ = {isa = PBXBuildFile; fileRef = 0BE0390C29F82039002CB20F /* Logger.swift */; };
		0BE0392629F82039002CB20F /* Common.swift in Sources */ = {isa = PBXBuildFile; fileRef = 0BE0390D29F82039002CB20F /* Common.swift */; };
		0BE0392729F82039002CB20F /* ExDate.swift in Sources */ = {isa = PBXBuildFile; fileRef = 0BE0390F29F82039002CB20F /* ExDate.swift */; };
		0BE0392829F82039002CB20F /* ExData.swift in Sources */ = {isa = PBXBuildFile; fileRef = 0BE0391029F82039002CB20F /* ExData.swift */; };
		0BE0392929F82039002CB20F /* CommonExtension.swift in Sources */ = {isa = PBXBuildFile; fileRef = 0BE0391129F82039002CB20F /* CommonExtension.swift */; };
		0BE0392A29F82039002CB20F /* ExUIDevice.swift in Sources */ = {isa = PBXBuildFile; fileRef = 0BE0391229F82039002CB20F /* ExUIDevice.swift */; };
		0BE0392B29F82039002CB20F /* ExString.swift in Sources */ = {isa = PBXBuildFile; fileRef = 0BE0391329F82039002CB20F /* ExString.swift */; };
		0BE0392C29F82039002CB20F /* ExTextField.swift in Sources */ = {isa = PBXBuildFile; fileRef = 0BE0391429F82039002CB20F /* ExTextField.swift */; };
		0BE0392D29F82039002CB20F /* ImageHelper.swift in Sources */ = {isa = PBXBuildFile; fileRef = 0BE0391529F82039002CB20F /* ImageHelper.swift */; };
		0BE0392E29F82039002CB20F /* Utility.swift in Sources */ = {isa = PBXBuildFile; fileRef = 0BE0391629F82039002CB20F /* Utility.swift */; };
		0BE0392F29F82039002CB20F /* DateHelper.swift in Sources */ = {isa = PBXBuildFile; fileRef = 0BE0391729F82039002CB20F /* DateHelper.swift */; };
		0BE0393029F82039002CB20F /* BaseVC.swift in Sources */ = {isa = PBXBuildFile; fileRef = 0BE0391929F82039002CB20F /* BaseVC.swift */; };
		0BE0393129F82039002CB20F /* BasePopupVC.swift in Sources */ = {isa = PBXBuildFile; fileRef = 0BE0391A29F82039002CB20F /* BasePopupVC.swift */; };
		0BF417BF2A3B5CDF00DD36DA /* CreateServiceVC.swift in Sources */ = {isa = PBXBuildFile; fileRef = 0BF417BD2A3B5CDF00DD36DA /* CreateServiceVC.swift */; };
		0BF417C02A3B5CDF00DD36DA /* CreateServiceVC.xib in Resources */ = {isa = PBXBuildFile; fileRef = 0BF417BE2A3B5CDF00DD36DA /* CreateServiceVC.xib */; };
		0BF417C32A3B5E2700DD36DA /* CreateServiceCell.swift in Sources */ = {isa = PBXBuildFile; fileRef = 0BF417C12A3B5E2700DD36DA /* CreateServiceCell.swift */; };
		0BF417C42A3B5E2700DD36DA /* CreateServiceCell.xib in Resources */ = {isa = PBXBuildFile; fileRef = 0BF417C22A3B5E2700DD36DA /* CreateServiceCell.xib */; };
		0BF417C82A3B7A5000DD36DA /* DetailCalenderVC.swift in Sources */ = {isa = PBXBuildFile; fileRef = 0BF417C62A3B7A5000DD36DA /* DetailCalenderVC.swift */; };
		0BF417C92A3B7A5000DD36DA /* DetailCalenderVC.xib in Resources */ = {isa = PBXBuildFile; fileRef = 0BF417C72A3B7A5000DD36DA /* DetailCalenderVC.xib */; };
		0BF417CC2A3B7D6100DD36DA /* BookHeaderCell.swift in Sources */ = {isa = PBXBuildFile; fileRef = 0BF417CA2A3B7D6100DD36DA /* BookHeaderCell.swift */; };
		0BF417CD2A3B7D6100DD36DA /* BookHeaderCell.xib in Resources */ = {isa = PBXBuildFile; fileRef = 0BF417CB2A3B7D6100DD36DA /* BookHeaderCell.xib */; };
		0BF417D02A3B838B00DD36DA /* MidBookDetaiCell.swift in Sources */ = {isa = PBXBuildFile; fileRef = 0BF417CE2A3B838B00DD36DA /* MidBookDetaiCell.swift */; };
		0BF417D12A3B838B00DD36DA /* MidBookDetaiCell.xib in Resources */ = {isa = PBXBuildFile; fileRef = 0BF417CF2A3B838B00DD36DA /* MidBookDetaiCell.xib */; };
		0BFD87312A518535005DE099 /* ParamSearchBook.swift in Sources */ = {isa = PBXBuildFile; fileRef = 0BFD87302A518535005DE099 /* ParamSearchBook.swift */; };
		BA1644BF7B780990762E4ADF /* Pods_POS_App.framework in Frameworks */ = {isa = PBXBuildFile; fileRef = 4F7EA84666864ABF0E12EDDE /* Pods_POS_App.framework */; };
/* End PBXBuildFile section */

/* Begin PBXFileReference section */
		0B1C17FE2A15676B0097B7F1 /* LoadingVC.swift */ = {isa = PBXFileReference; lastKnownFileType = sourcecode.swift; path = LoadingVC.swift; sourceTree = "<group>"; };
		0B1C17FF2A15676B0097B7F1 /* LoadingVC.xib */ = {isa = PBXFileReference; lastKnownFileType = file.xib; path = LoadingVC.xib; sourceTree = "<group>"; };
		0B1D555A2A6D20C00071E8F0 /* ChartDayCell.swift */ = {isa = PBXFileReference; lastKnownFileType = sourcecode.swift; path = ChartDayCell.swift; sourceTree = "<group>"; };
		0B1D555B2A6D20C00071E8F0 /* ChartDayCell.xib */ = {isa = PBXFileReference; lastKnownFileType = file.xib; path = ChartDayCell.xib; sourceTree = "<group>"; };
		0B1D55662A6D937E0071E8F0 /* ReportMainVC.swift */ = {isa = PBXFileReference; lastKnownFileType = sourcecode.swift; path = ReportMainVC.swift; sourceTree = "<group>"; };
		0B1D55672A6D937E0071E8F0 /* ReportMainVC.xib */ = {isa = PBXFileReference; lastKnownFileType = file.xib; path = ReportMainVC.xib; sourceTree = "<group>"; };
		0B1FAE5F2A344E6F00A81565 /* MainActionVC.swift */ = {isa = PBXFileReference; lastKnownFileType = sourcecode.swift; path = MainActionVC.swift; sourceTree = "<group>"; };
		0B1FAE602A344E6F00A81565 /* MainActionVC.xib */ = {isa = PBXFileReference; lastKnownFileType = file.xib; path = MainActionVC.xib; sourceTree = "<group>"; };
		0B2054962A3A23DB00BA333D /* ServiceVC.swift */ = {isa = PBXFileReference; lastKnownFileType = sourcecode.swift; path = ServiceVC.swift; sourceTree = "<group>"; };
		0B2054972A3A23DB00BA333D /* ServiceVC.xib */ = {isa = PBXFileReference; lastKnownFileType = file.xib; path = ServiceVC.xib; sourceTree = "<group>"; };
		0B20549A2A3A260900BA333D /* ServiceItemCell.swift */ = {isa = PBXFileReference; lastKnownFileType = sourcecode.swift; path = ServiceItemCell.swift; sourceTree = "<group>"; };
		0B20549B2A3A260900BA333D /* ServiceItemCell.xib */ = {isa = PBXFileReference; lastKnownFileType = file.xib; path = ServiceItemCell.xib; sourceTree = "<group>"; };
		0B20549E2A3A28CB00BA333D /* ServiceDetailVC.swift */ = {isa = PBXFileReference; lastKnownFileType = sourcecode.swift; path = ServiceDetailVC.swift; sourceTree = "<group>"; };
		0B20549F2A3A28CB00BA333D /* ServiceDetailVC.xib */ = {isa = PBXFileReference; lastKnownFileType = file.xib; path = ServiceDetailVC.xib; sourceTree = "<group>"; };
		0B21415F2A13BCC100CCAAB4 /* CreateInfoVC.swift */ = {isa = PBXFileReference; lastKnownFileType = sourcecode.swift; path = CreateInfoVC.swift; sourceTree = "<group>"; };
		0B2141602A13BCC100CCAAB4 /* CreateInfoVC.xib */ = {isa = PBXFileReference; lastKnownFileType = file.xib; path = CreateInfoVC.xib; sourceTree = "<group>"; };
		0B2141632A13BE5D00CCAAB4 /* StoreInfoCell.swift */ = {isa = PBXFileReference; lastKnownFileType = sourcecode.swift; path = StoreInfoCell.swift; sourceTree = "<group>"; };
		0B2141642A13BE5D00CCAAB4 /* StoreInfoCell.xib */ = {isa = PBXFileReference; lastKnownFileType = file.xib; path = StoreInfoCell.xib; sourceTree = "<group>"; };
		0B2141672A13DAB900CCAAB4 /* MainCell.swift */ = {isa = PBXFileReference; lastKnownFileType = sourcecode.swift; path = MainCell.swift; sourceTree = "<group>"; };
		0B2141682A13DAB900CCAAB4 /* MainCell.xib */ = {isa = PBXFileReference; lastKnownFileType = file.xib; path = MainCell.xib; sourceTree = "<group>"; };
		0B21416C2A13E8CE00CCAAB4 /* CreateCalenderVC.swift */ = {isa = PBXFileReference; lastKnownFileType = sourcecode.swift; path = CreateCalenderVC.swift; sourceTree = "<group>"; };
		0B21416D2A13E8CE00CCAAB4 /* CreateCalenderVC.xib */ = {isa = PBXFileReference; lastKnownFileType = file.xib; path = CreateCalenderVC.xib; sourceTree = "<group>"; };
		0B33C63A2A70346900201CA0 /* RPHeaderCell.swift */ = {isa = PBXFileReference; lastKnownFileType = sourcecode.swift; path = RPHeaderCell.swift; sourceTree = "<group>"; };
		0B33C63B2A70346900201CA0 /* RPHeaderCell.xib */ = {isa = PBXFileReference; lastKnownFileType = file.xib; path = RPHeaderCell.xib; sourceTree = "<group>"; };
		0B3D44F12A2F70F200A6186C /* ChonDichVuVC.swift */ = {isa = PBXFileReference; lastKnownFileType = sourcecode.swift; path = ChonDichVuVC.swift; sourceTree = "<group>"; };
		0B3D44F22A2F70F200A6186C /* ChonDichVuVC.xib */ = {isa = PBXFileReference; lastKnownFileType = file.xib; path = ChonDichVuVC.xib; sourceTree = "<group>"; };
		0B3D44F52A2F79B200A6186C /* ChonDichVuCell.swift */ = {isa = PBXFileReference; lastKnownFileType = sourcecode.swift; path = ChonDichVuCell.swift; sourceTree = "<group>"; };
		0B3D44F62A2F79B200A6186C /* ChonDichVuCell.xib */ = {isa = PBXFileReference; lastKnownFileType = file.xib; path = ChonDichVuCell.xib; sourceTree = "<group>"; };
		0B4CA32F2A7821240084B845 /* beautiful-color-palettes-combinations-schemes-rainbow-dash.png */ = {isa = PBXFileReference; lastKnownFileType = image.png; path = "beautiful-color-palettes-combinations-schemes-rainbow-dash.png"; sourceTree = "<group>"; };
		0B5012312A516899009D3C0B /* MainFilterVC.swift */ = {isa = PBXFileReference; lastKnownFileType = sourcecode.swift; path = MainFilterVC.swift; sourceTree = "<group>"; };
		0B5012322A516899009D3C0B /* MainFilterVC.xib */ = {isa = PBXFileReference; lastKnownFileType = file.xib; path = MainFilterVC.xib; sourceTree = "<group>"; };
		0B5B0EB22A2B564600E4B48A /* CreateEmployeeVC.swift */ = {isa = PBXFileReference; lastKnownFileType = sourcecode.swift; path = CreateEmployeeVC.swift; sourceTree = "<group>"; };
		0B5B0EB32A2B564600E4B48A /* CreateEmployeeVC.xib */ = {isa = PBXFileReference; lastKnownFileType = file.xib; path = CreateEmployeeVC.xib; sourceTree = "<group>"; };
		0B5B0EB62A2B9EA300E4B48A /* CreateEmployeeCell.swift */ = {isa = PBXFileReference; lastKnownFileType = sourcecode.swift; path = CreateEmployeeCell.swift; sourceTree = "<group>"; };
		0B5B0EB72A2B9EA300E4B48A /* CreateEmployeeCell.xib */ = {isa = PBXFileReference; lastKnownFileType = file.xib; path = CreateEmployeeCell.xib; sourceTree = "<group>"; };
		0B5D18502A0A968C004E47FD /* CacheManager.swift */ = {isa = PBXFileReference; lastKnownFileType = sourcecode.swift; path = CacheManager.swift; sourceTree = "<group>"; };
		0B5D18522A0A97D0004E47FD /* KeyCommon.swift */ = {isa = PBXFileReference; lastKnownFileType = sourcecode.swift; path = KeyCommon.swift; sourceTree = "<group>"; };
		0B5D185B2A0A9EB6004E47FD /* MainUser.swift */ = {isa = PBXFileReference; lastKnownFileType = sourcecode.swift; path = MainUser.swift; sourceTree = "<group>"; };
		0B5D185D2A0A9F69004E47FD /* PStore.swift */ = {isa = PBXFileReference; lastKnownFileType = sourcecode.swift; path = PStore.swift; sourceTree = "<group>"; };
		0B5D185F2A0AA132004E47FD /* PCustomer.swift */ = {isa = PBXFileReference; lastKnownFileType = sourcecode.swift; path = PCustomer.swift; sourceTree = "<group>"; };
		0B5D18612A0AA2DC004E47FD /* PEmployee.swift */ = {isa = PBXFileReference; lastKnownFileType = sourcecode.swift; path = PEmployee.swift; sourceTree = "<group>"; };
		0B5D18632A0AA355004E47FD /* PBookCalender.swift */ = {isa = PBXFileReference; lastKnownFileType = sourcecode.swift; path = PBookCalender.swift; sourceTree = "<group>"; };
		0B5D18652A0AA54F004E47FD /* PProduct.swift */ = {isa = PBXFileReference; lastKnownFileType = sourcecode.swift; path = PProduct.swift; sourceTree = "<group>"; };
		0B5D18672A0AA5F3004E47FD /* PServices.swift */ = {isa = PBXFileReference; lastKnownFileType = sourcecode.swift; path = PServices.swift; sourceTree = "<group>"; };
		0B73E5BA2A72CB1800C4575A /* RPEmployeeCell.swift */ = {isa = PBXFileReference; lastKnownFileType = sourcecode.swift; path = RPEmployeeCell.swift; sourceTree = "<group>"; };
		0B73E5BB2A72CB1800C4575A /* RPEmployeeCell.xib */ = {isa = PBXFileReference; lastKnownFileType = file.xib; path = RPEmployeeCell.xib; sourceTree = "<group>"; };
		0B74DFB52A33F39F005FDA97 /* MActDeleteVC.swift */ = {isa = PBXFileReference; fileEncoding = 4; lastKnownFileType = sourcecode.swift; path = MActDeleteVC.swift; sourceTree = "<group>"; };
		0B74DFB62A33F39F005FDA97 /* MActDeleteVC.xib */ = {isa = PBXFileReference; fileEncoding = 4; lastKnownFileType = file.xib; path = MActDeleteVC.xib; sourceTree = "<group>"; };
		0B74DFB92A3409FC005FDA97 /* MActSuccessVC.swift */ = {isa = PBXFileReference; lastKnownFileType = sourcecode.swift; path = MActSuccessVC.swift; sourceTree = "<group>"; };
		0B74DFBA2A3409FC005FDA97 /* MActSuccessVC.xib */ = {isa = PBXFileReference; lastKnownFileType = file.xib; path = MActSuccessVC.xib; sourceTree = "<group>"; };
		0B76B93E2A7441F800B91761 /* PReport.swift */ = {isa = PBXFileReference; lastKnownFileType = sourcecode.swift; path = PReport.swift; sourceTree = "<group>"; };
		0B7B90E22A07A3E600D99642 /* LoginVC.swift */ = {isa = PBXFileReference; lastKnownFileType = sourcecode.swift; path = LoginVC.swift; sourceTree = "<group>"; };
		0B7B90E32A07A3E600D99642 /* LoginVC.xib */ = {isa = PBXFileReference; lastKnownFileType = file.xib; path = LoginVC.xib; sourceTree = "<group>"; };
		0B8F9E2C2A6C276600D24CB3 /* ChartEmployeeCell.swift */ = {isa = PBXFileReference; lastKnownFileType = sourcecode.swift; path = ChartEmployeeCell.swift; sourceTree = "<group>"; };
		0B8F9E2D2A6C276600D24CB3 /* ChartEmployeeCell.xib */ = {isa = PBXFileReference; lastKnownFileType = file.xib; path = ChartEmployeeCell.xib; sourceTree = "<group>"; };
		0B8F9E302A6C3DBD00D24CB3 /* ChonVNVC.swift */ = {isa = PBXFileReference; lastKnownFileType = sourcecode.swift; path = ChonVNVC.swift; sourceTree = "<group>"; };
		0B8F9E312A6C3DBD00D24CB3 /* ChonVNVC.xib */ = {isa = PBXFileReference; lastKnownFileType = file.xib; path = ChonVNVC.xib; sourceTree = "<group>"; };
		0B9244272A4888D8001AF674 /* CustomerDetailVC.swift */ = {isa = PBXFileReference; lastKnownFileType = sourcecode.swift; path = CustomerDetailVC.swift; sourceTree = "<group>"; };
		0B9244282A4888D8001AF674 /* CustomerDetailVC.xib */ = {isa = PBXFileReference; lastKnownFileType = file.xib; path = CustomerDetailVC.xib; sourceTree = "<group>"; };
		0B9BAFAB2A1A22F2008679DE /* TakePhotoVC.swift */ = {isa = PBXFileReference; lastKnownFileType = sourcecode.swift; path = TakePhotoVC.swift; sourceTree = "<group>"; };
		0B9BAFAC2A1A22F2008679DE /* TakePhotoVC.xib */ = {isa = PBXFileReference; lastKnownFileType = file.xib; path = TakePhotoVC.xib; sourceTree = "<group>"; };
		0BA332A72A2C87F2007ACB14 /* CustomerVC.swift */ = {isa = PBXFileReference; lastKnownFileType = sourcecode.swift; path = CustomerVC.swift; sourceTree = "<group>"; };
		0BA332A82A2C87F2007ACB14 /* CustomerVC.xib */ = {isa = PBXFileReference; lastKnownFileType = file.xib; path = CustomerVC.xib; sourceTree = "<group>"; };
		0BA332AB2A2C8A33007ACB14 /* CustomerItemCell.swift */ = {isa = PBXFileReference; lastKnownFileType = sourcecode.swift; path = CustomerItemCell.swift; sourceTree = "<group>"; };
		0BA332AC2A2C8A33007ACB14 /* CustomerItemCell.xib */ = {isa = PBXFileReference; lastKnownFileType = file.xib; path = CustomerItemCell.xib; sourceTree = "<group>"; };
		0BB1D21E2A32421400516F25 /* DichVuCell.swift */ = {isa = PBXFileReference; lastKnownFileType = sourcecode.swift; path = DichVuCell.swift; sourceTree = "<group>"; };
		0BB1D21F2A32421400516F25 /* DichVuCell.xib */ = {isa = PBXFileReference; lastKnownFileType = file.xib; path = DichVuCell.xib; sourceTree = "<group>"; };
		0BB37E192A5EDE070003AAA3 /* ItemServicesCell.swift */ = {isa = PBXFileReference; lastKnownFileType = sourcecode.swift; path = ItemServicesCell.swift; sourceTree = "<group>"; };
		0BB37E1A2A5EDE070003AAA3 /* ItemServicesCell.xib */ = {isa = PBXFileReference; lastKnownFileType = file.xib; path = ItemServicesCell.xib; sourceTree = "<group>"; };
		0BB420622A2A5ED10008B7D7 /* EmployeeVC.swift */ = {isa = PBXFileReference; lastKnownFileType = sourcecode.swift; path = EmployeeVC.swift; sourceTree = "<group>"; };
		0BB420632A2A5ED10008B7D7 /* EmployeeVC.xib */ = {isa = PBXFileReference; lastKnownFileType = file.xib; path = EmployeeVC.xib; sourceTree = "<group>"; };
		0BB420662A2A63450008B7D7 /* EmployeeItemCell.swift */ = {isa = PBXFileReference; lastKnownFileType = sourcecode.swift; path = EmployeeItemCell.swift; sourceTree = "<group>"; };
		0BB420672A2A63450008B7D7 /* EmployeeItemCell.xib */ = {isa = PBXFileReference; lastKnownFileType = file.xib; path = EmployeeItemCell.xib; sourceTree = "<group>"; };
		0BB43EE129FAC54700F1DE85 /* TabBarVC.swift */ = {isa = PBXFileReference; lastKnownFileType = sourcecode.swift; path = TabBarVC.swift; sourceTree = "<group>"; };
		0BB43EE329FAC56900F1DE85 /* MainVC.swift */ = {isa = PBXFileReference; lastKnownFileType = sourcecode.swift; path = MainVC.swift; sourceTree = "<group>"; };
		0BB43EE429FAC56900F1DE85 /* MainVC.xib */ = {isa = PBXFileReference; lastKnownFileType = file.xib; path = MainVC.xib; sourceTree = "<group>"; };
		0BB43EEB29FAC59100F1DE85 /* PayVC.swift */ = {isa = PBXFileReference; lastKnownFileType = sourcecode.swift; path = PayVC.swift; sourceTree = "<group>"; };
		0BB43EEC29FAC59100F1DE85 /* PayVC.xib */ = {isa = PBXFileReference; lastKnownFileType = file.xib; path = PayVC.xib; sourceTree = "<group>"; };
		0BB43EF029FAD82E00F1DE85 /* Rubik-ExtraBoldItalic.ttf */ = {isa = PBXFileReference; lastKnownFileType = file; path = "Rubik-ExtraBoldItalic.ttf"; sourceTree = "<group>"; };
		0BB43EF129FAD82E00F1DE85 /* Rubik-BoldItalic.ttf */ = {isa = PBXFileReference; lastKnownFileType = file; path = "Rubik-BoldItalic.ttf"; sourceTree = "<group>"; };
		0BB43EF229FAD82E00F1DE85 /* Rubik-SemiBoldItalic.ttf */ = {isa = PBXFileReference; lastKnownFileType = file; path = "Rubik-SemiBoldItalic.ttf"; sourceTree = "<group>"; };
		0BB43EF329FAD82E00F1DE85 /* Rubik-Light.ttf */ = {isa = PBXFileReference; lastKnownFileType = file; path = "Rubik-Light.ttf"; sourceTree = "<group>"; };
		0BB43EF429FAD82E00F1DE85 /* Rubik-Italic.ttf */ = {isa = PBXFileReference; lastKnownFileType = file; path = "Rubik-Italic.ttf"; sourceTree = "<group>"; };
		0BB43EF529FAD82E00F1DE85 /* Rubik-SemiBold.ttf */ = {isa = PBXFileReference; lastKnownFileType = file; path = "Rubik-SemiBold.ttf"; sourceTree = "<group>"; };
		0BB43EF629FAD82E00F1DE85 /* Rubik-Regular.ttf */ = {isa = PBXFileReference; lastKnownFileType = file; path = "Rubik-Regular.ttf"; sourceTree = "<group>"; };
		0BB43EF729FAD82E00F1DE85 /* Rubik-Bold.ttf */ = {isa = PBXFileReference; lastKnownFileType = file; path = "Rubik-Bold.ttf"; sourceTree = "<group>"; };
		0BB43EF829FAD82F00F1DE85 /* Rubik-BlackItalic.ttf */ = {isa = PBXFileReference; lastKnownFileType = file; path = "Rubik-BlackItalic.ttf"; sourceTree = "<group>"; };
		0BB43EF929FAD82F00F1DE85 /* Rubik-LightItalic.ttf */ = {isa = PBXFileReference; lastKnownFileType = file; path = "Rubik-LightItalic.ttf"; sourceTree = "<group>"; };
		0BB43EFA29FAD82F00F1DE85 /* Rubik-ExtraBold.ttf */ = {isa = PBXFileReference; lastKnownFileType = file; path = "Rubik-ExtraBold.ttf"; sourceTree = "<group>"; };
		0BB43EFB29FAD82F00F1DE85 /* Rubik-Medium.ttf */ = {isa = PBXFileReference; lastKnownFileType = file; path = "Rubik-Medium.ttf"; sourceTree = "<group>"; };
		0BB43EFC29FAD82F00F1DE85 /* Rubik-Black.ttf */ = {isa = PBXFileReference; lastKnownFileType = file; path = "Rubik-Black.ttf"; sourceTree = "<group>"; };
		0BB43EFD29FAD82F00F1DE85 /* Rubik-MediumItalic.ttf */ = {isa = PBXFileReference; lastKnownFileType = file; path = "Rubik-MediumItalic.ttf"; sourceTree = "<group>"; };
		0BB7FDD52A19CAA7005EF9B9 /* CreateCustomerVC.swift */ = {isa = PBXFileReference; lastKnownFileType = sourcecode.swift; path = CreateCustomerVC.swift; sourceTree = "<group>"; };
		0BB7FDD62A19CAA7005EF9B9 /* CreateCustomerVC.xib */ = {isa = PBXFileReference; lastKnownFileType = file.xib; path = CreateCustomerVC.xib; sourceTree = "<group>"; };
		0BB7FDDD2A19D6A8005EF9B9 /* CreateCustomerCell.swift */ = {isa = PBXFileReference; lastKnownFileType = sourcecode.swift; path = CreateCustomerCell.swift; sourceTree = "<group>"; };
		0BB7FDDE2A19D6A8005EF9B9 /* CreateCustomerCell.xib */ = {isa = PBXFileReference; lastKnownFileType = file.xib; path = CreateCustomerCell.xib; sourceTree = "<group>"; };
		0BCF19842A43696A004F11CB /* ParamSearch.swift */ = {isa = PBXFileReference; lastKnownFileType = sourcecode.swift; path = ParamSearch.swift; sourceTree = "<group>"; };
		0BD0CF742A347B7200A0BBE5 /* EmployeeDetailVC.swift */ = {isa = PBXFileReference; lastKnownFileType = sourcecode.swift; path = EmployeeDetailVC.swift; sourceTree = "<group>"; };
		0BD0CF752A347B7200A0BBE5 /* EmployeeDetailVC.xib */ = {isa = PBXFileReference; lastKnownFileType = file.xib; path = EmployeeDetailVC.xib; sourceTree = "<group>"; };
		0BD5BABD29F8A3DC009F2A66 /* HelloVC.swift */ = {isa = PBXFileReference; lastKnownFileType = sourcecode.swift; path = HelloVC.swift; sourceTree = "<group>"; };
		0BD5BABE29F8A3DC009F2A66 /* HelloVC.xib */ = {isa = PBXFileReference; lastKnownFileType = file.xib; path = HelloVC.xib; sourceTree = "<group>"; };
		0BD5BAC629F8A419009F2A66 /* LoginOwnerVC.swift */ = {isa = PBXFileReference; lastKnownFileType = sourcecode.swift; path = LoginOwnerVC.swift; sourceTree = "<group>"; };
		0BD5BAC729F8A419009F2A66 /* LoginOwnerVC.xib */ = {isa = PBXFileReference; lastKnownFileType = file.xib; path = LoginOwnerVC.xib; sourceTree = "<group>"; };
		0BD5BACA29F8A439009F2A66 /* LoginEmployeeVC.swift */ = {isa = PBXFileReference; lastKnownFileType = sourcecode.swift; path = LoginEmployeeVC.swift; sourceTree = "<group>"; };
		0BD5BACB29F8A439009F2A66 /* LoginEmployeeVC.xib */ = {isa = PBXFileReference; lastKnownFileType = file.xib; path = LoginEmployeeVC.xib; sourceTree = "<group>"; };
		0BD5BACE29F8A45B009F2A66 /* SignUpVC.swift */ = {isa = PBXFileReference; lastKnownFileType = sourcecode.swift; path = SignUpVC.swift; sourceTree = "<group>"; };
		0BD5BACF29F8A45B009F2A66 /* SignUpVC.xib */ = {isa = PBXFileReference; lastKnownFileType = file.xib; path = SignUpVC.xib; sourceTree = "<group>"; };
		0BD5BAD329F8A611009F2A66 /* SlideMenuVC.swift */ = {isa = PBXFileReference; lastKnownFileType = sourcecode.swift; path = SlideMenuVC.swift; sourceTree = "<group>"; };
		0BD5BAD429F8A611009F2A66 /* SlideMenuVC.xib */ = {isa = PBXFileReference; lastKnownFileType = file.xib; path = SlideMenuVC.xib; sourceTree = "<group>"; };
		0BD5BAD929F8A659009F2A66 /* OrderDetailVC.swift */ = {isa = PBXFileReference; lastKnownFileType = sourcecode.swift; path = OrderDetailVC.swift; sourceTree = "<group>"; };
		0BD5BADA29F8A659009F2A66 /* OrderDetailVC.xib */ = {isa = PBXFileReference; lastKnownFileType = file.xib; path = OrderDetailVC.xib; sourceTree = "<group>"; };
		0BD5BADE29F8A6B6009F2A66 /* HistoryTransactionVC.swift */ = {isa = PBXFileReference; lastKnownFileType = sourcecode.swift; path = HistoryTransactionVC.swift; sourceTree = "<group>"; };
		0BD5BADF29F8A6B6009F2A66 /* HistoryTransactionVC.xib */ = {isa = PBXFileReference; lastKnownFileType = file.xib; path = HistoryTransactionVC.xib; sourceTree = "<group>"; };
		0BD5BAE229F8A6D3009F2A66 /* TransactionFilterVC.swift */ = {isa = PBXFileReference; lastKnownFileType = sourcecode.swift; path = TransactionFilterVC.swift; sourceTree = "<group>"; };
		0BD5BAE329F8A6D3009F2A66 /* TransactionFilterVC.xib */ = {isa = PBXFileReference; lastKnownFileType = file.xib; path = TransactionFilterVC.xib; sourceTree = "<group>"; };
		0BD5BAF029F8A78D009F2A66 /* ManageStoreVC.swift */ = {isa = PBXFileReference; lastKnownFileType = sourcecode.swift; path = ManageStoreVC.swift; sourceTree = "<group>"; };
		0BD5BAF129F8A78D009F2A66 /* ManageStoreVC.xib */ = {isa = PBXFileReference; lastKnownFileType = file.xib; path = ManageStoreVC.xib; sourceTree = "<group>"; };
		0BD709402A370DA200D467EC /* QRVC.swift */ = {isa = PBXFileReference; lastKnownFileType = sourcecode.swift; path = QRVC.swift; sourceTree = "<group>"; };
		0BD709412A370DA200D467EC /* QRVC.xib */ = {isa = PBXFileReference; lastKnownFileType = file.xib; path = QRVC.xib; sourceTree = "<group>"; };
		0BD914312A4DEA96006C223B /* CustomerServicesCell.swift */ = {isa = PBXFileReference; lastKnownFileType = sourcecode.swift; path = CustomerServicesCell.swift; sourceTree = "<group>"; };
		0BD914322A4DEA96006C223B /* CustomerServicesCell.xib */ = {isa = PBXFileReference; lastKnownFileType = file.xib; path = CustomerServicesCell.xib; sourceTree = "<group>"; };
		0BE038DD29F81F6D002CB20F /* POS App.app */ = {isa = PBXFileReference; explicitFileType = wrapper.application; includeInIndex = 0; path = "POS App.app"; sourceTree = BUILT_PRODUCTS_DIR; };
		0BE038E029F81F6D002CB20F /* AppDelegate.swift */ = {isa = PBXFileReference; lastKnownFileType = sourcecode.swift; path = AppDelegate.swift; sourceTree = "<group>"; };
		0BE038E229F81F6D002CB20F /* SceneDelegate.swift */ = {isa = PBXFileReference; lastKnownFileType = sourcecode.swift; path = SceneDelegate.swift; sourceTree = "<group>"; };
		0BE038E429F81F6D002CB20F /* ViewController.swift */ = {isa = PBXFileReference; lastKnownFileType = sourcecode.swift; path = ViewController.swift; sourceTree = "<group>"; };
		0BE038E729F81F6D002CB20F /* Base */ = {isa = PBXFileReference; lastKnownFileType = file.storyboard; name = Base; path = Base.lproj/Main.storyboard; sourceTree = "<group>"; };
		0BE038EA29F81F6D002CB20F /* POS_App.xcdatamodel */ = {isa = PBXFileReference; lastKnownFileType = wrapper.xcdatamodel; path = POS_App.xcdatamodel; sourceTree = "<group>"; };
		0BE038EC29F81F6F002CB20F /* Assets.xcassets */ = {isa = PBXFileReference; lastKnownFileType = folder.assetcatalog; path = Assets.xcassets; sourceTree = "<group>"; };
		0BE038EF29F81F6F002CB20F /* Base */ = {isa = PBXFileReference; lastKnownFileType = file.storyboard; name = Base; path = Base.lproj/LaunchScreen.storyboard; sourceTree = "<group>"; };
		0BE038F129F81F6F002CB20F /* Info.plist */ = {isa = PBXFileReference; lastKnownFileType = text.plist.xml; path = Info.plist; sourceTree = "<group>"; };
		0BE038F829F82038002CB20F /* BaseResponse.swift */ = {isa = PBXFileReference; fileEncoding = 4; lastKnownFileType = sourcecode.swift; path = BaseResponse.swift; sourceTree = "<group>"; };
		0BE038F929F82038002CB20F /* ConnectionManager.swift */ = {isa = PBXFileReference; fileEncoding = 4; lastKnownFileType = sourcecode.swift; path = ConnectionManager.swift; sourceTree = "<group>"; };
		0BE038FA29F82038002CB20F /* BaseNetworking.swift */ = {isa = PBXFileReference; fileEncoding = 4; lastKnownFileType = sourcecode.swift; path = BaseNetworking.swift; sourceTree = "<group>"; };
		0BE038FC29F82038002CB20F /* Params.swift */ = {isa = PBXFileReference; fileEncoding = 4; lastKnownFileType = sourcecode.swift; path = Params.swift; sourceTree = "<group>"; };
		0BE038FD29F82038002CB20F /* Reachability.swift */ = {isa = PBXFileReference; fileEncoding = 4; lastKnownFileType = sourcecode.swift; path = Reachability.swift; sourceTree = "<group>"; };
		0BE038FE29F82038002CB20F /* ServiceManager.swift */ = {isa = PBXFileReference; fileEncoding = 4; lastKnownFileType = sourcecode.swift; path = ServiceManager.swift; sourceTree = "<group>"; };
		0BE0390029F82038002CB20F /* CommonServices.swift */ = {isa = PBXFileReference; fileEncoding = 4; lastKnownFileType = sourcecode.swift; path = CommonServices.swift; sourceTree = "<group>"; };
		0BE0390B29F82039002CB20F /* Constants.swift */ = {isa = PBXFileReference; fileEncoding = 4; lastKnownFileType = sourcecode.swift; path = Constants.swift; sourceTree = "<group>"; };
		0BE0390C29F82039002CB20F /* Logger.swift */ = {isa = PBXFileReference; fileEncoding = 4; lastKnownFileType = sourcecode.swift; path = Logger.swift; sourceTree = "<group>"; };
		0BE0390D29F82039002CB20F /* Common.swift */ = {isa = PBXFileReference; fileEncoding = 4; lastKnownFileType = sourcecode.swift; path = Common.swift; sourceTree = "<group>"; };
		0BE0390F29F82039002CB20F /* ExDate.swift */ = {isa = PBXFileReference; fileEncoding = 4; lastKnownFileType = sourcecode.swift; path = ExDate.swift; sourceTree = "<group>"; };
		0BE0391029F82039002CB20F /* ExData.swift */ = {isa = PBXFileReference; fileEncoding = 4; lastKnownFileType = sourcecode.swift; path = ExData.swift; sourceTree = "<group>"; };
		0BE0391129F82039002CB20F /* CommonExtension.swift */ = {isa = PBXFileReference; fileEncoding = 4; lastKnownFileType = sourcecode.swift; path = CommonExtension.swift; sourceTree = "<group>"; };
		0BE0391229F82039002CB20F /* ExUIDevice.swift */ = {isa = PBXFileReference; fileEncoding = 4; lastKnownFileType = sourcecode.swift; path = ExUIDevice.swift; sourceTree = "<group>"; };
		0BE0391329F82039002CB20F /* ExString.swift */ = {isa = PBXFileReference; fileEncoding = 4; lastKnownFileType = sourcecode.swift; path = ExString.swift; sourceTree = "<group>"; };
		0BE0391429F82039002CB20F /* ExTextField.swift */ = {isa = PBXFileReference; fileEncoding = 4; lastKnownFileType = sourcecode.swift; path = ExTextField.swift; sourceTree = "<group>"; };
		0BE0391529F82039002CB20F /* ImageHelper.swift */ = {isa = PBXFileReference; fileEncoding = 4; lastKnownFileType = sourcecode.swift; path = ImageHelper.swift; sourceTree = "<group>"; };
		0BE0391629F82039002CB20F /* Utility.swift */ = {isa = PBXFileReference; fileEncoding = 4; lastKnownFileType = sourcecode.swift; path = Utility.swift; sourceTree = "<group>"; };
		0BE0391729F82039002CB20F /* DateHelper.swift */ = {isa = PBXFileReference; fileEncoding = 4; lastKnownFileType = sourcecode.swift; path = DateHelper.swift; sourceTree = "<group>"; };
		0BE0391929F82039002CB20F /* BaseVC.swift */ = {isa = PBXFileReference; fileEncoding = 4; lastKnownFileType = sourcecode.swift; path = BaseVC.swift; sourceTree = "<group>"; };
		0BE0391A29F82039002CB20F /* BasePopupVC.swift */ = {isa = PBXFileReference; fileEncoding = 4; lastKnownFileType = sourcecode.swift; path = BasePopupVC.swift; sourceTree = "<group>"; };
		0BF417BD2A3B5CDF00DD36DA /* CreateServiceVC.swift */ = {isa = PBXFileReference; lastKnownFileType = sourcecode.swift; path = CreateServiceVC.swift; sourceTree = "<group>"; };
		0BF417BE2A3B5CDF00DD36DA /* CreateServiceVC.xib */ = {isa = PBXFileReference; lastKnownFileType = file.xib; path = CreateServiceVC.xib; sourceTree = "<group>"; };
		0BF417C12A3B5E2700DD36DA /* CreateServiceCell.swift */ = {isa = PBXFileReference; lastKnownFileType = sourcecode.swift; path = CreateServiceCell.swift; sourceTree = "<group>"; };
		0BF417C22A3B5E2700DD36DA /* CreateServiceCell.xib */ = {isa = PBXFileReference; lastKnownFileType = file.xib; path = CreateServiceCell.xib; sourceTree = "<group>"; };
		0BF417C62A3B7A5000DD36DA /* DetailCalenderVC.swift */ = {isa = PBXFileReference; lastKnownFileType = sourcecode.swift; path = DetailCalenderVC.swift; sourceTree = "<group>"; };
		0BF417C72A3B7A5000DD36DA /* DetailCalenderVC.xib */ = {isa = PBXFileReference; lastKnownFileType = file.xib; path = DetailCalenderVC.xib; sourceTree = "<group>"; };
		0BF417CA2A3B7D6100DD36DA /* BookHeaderCell.swift */ = {isa = PBXFileReference; lastKnownFileType = sourcecode.swift; path = BookHeaderCell.swift; sourceTree = "<group>"; };
		0BF417CB2A3B7D6100DD36DA /* BookHeaderCell.xib */ = {isa = PBXFileReference; lastKnownFileType = file.xib; path = BookHeaderCell.xib; sourceTree = "<group>"; };
		0BF417CE2A3B838B00DD36DA /* MidBookDetaiCell.swift */ = {isa = PBXFileReference; lastKnownFileType = sourcecode.swift; path = MidBookDetaiCell.swift; sourceTree = "<group>"; };
		0BF417CF2A3B838B00DD36DA /* MidBookDetaiCell.xib */ = {isa = PBXFileReference; lastKnownFileType = file.xib; path = MidBookDetaiCell.xib; sourceTree = "<group>"; };
		0BFD87302A518535005DE099 /* ParamSearchBook.swift */ = {isa = PBXFileReference; lastKnownFileType = sourcecode.swift; path = ParamSearchBook.swift; sourceTree = "<group>"; };
		284A6890BF03F09ADA14102B /* Pods-POS App.release.xcconfig */ = {isa = PBXFileReference; includeInIndex = 1; lastKnownFileType = text.xcconfig; name = "Pods-POS App.release.xcconfig"; path = "Target Support Files/Pods-POS App/Pods-POS App.release.xcconfig"; sourceTree = "<group>"; };
		4F7EA84666864ABF0E12EDDE /* Pods_POS_App.framework */ = {isa = PBXFileReference; explicitFileType = wrapper.framework; includeInIndex = 0; path = Pods_POS_App.framework; sourceTree = BUILT_PRODUCTS_DIR; };
		A445E638468BEE3772F3A9DB /* Pods-POS App.debug.xcconfig */ = {isa = PBXFileReference; includeInIndex = 1; lastKnownFileType = text.xcconfig; name = "Pods-POS App.debug.xcconfig"; path = "Target Support Files/Pods-POS App/Pods-POS App.debug.xcconfig"; sourceTree = "<group>"; };
		D97165A029FA240C00D08327 /* Rubik-Light.ttf */ = {isa = PBXFileReference; lastKnownFileType = file; path = "Rubik-Light.ttf"; sourceTree = "<group>"; };
		D97165A129FA240C00D08327 /* Rubik-SemiBoldItalic.ttf */ = {isa = PBXFileReference; lastKnownFileType = file; path = "Rubik-SemiBoldItalic.ttf"; sourceTree = "<group>"; };
		D97165A229FA240C00D08327 /* Rubik-Bold.ttf */ = {isa = PBXFileReference; lastKnownFileType = file; path = "Rubik-Bold.ttf"; sourceTree = "<group>"; };
		D97165A329FA240C00D08327 /* Rubik-BlackItalic.ttf */ = {isa = PBXFileReference; lastKnownFileType = file; path = "Rubik-BlackItalic.ttf"; sourceTree = "<group>"; };
		D97165A429FA240C00D08327 /* Rubik-ExtraBold.ttf */ = {isa = PBXFileReference; lastKnownFileType = file; path = "Rubik-ExtraBold.ttf"; sourceTree = "<group>"; };
		D97165A529FA240D00D08327 /* Rubik-MediumItalic.ttf */ = {isa = PBXFileReference; lastKnownFileType = file; path = "Rubik-MediumItalic.ttf"; sourceTree = "<group>"; };
		D97165A629FA240D00D08327 /* Rubik-Regular.ttf */ = {isa = PBXFileReference; lastKnownFileType = file; path = "Rubik-Regular.ttf"; sourceTree = "<group>"; };
		D97165A729FA240D00D08327 /* Rubik-Black.ttf */ = {isa = PBXFileReference; lastKnownFileType = file; path = "Rubik-Black.ttf"; sourceTree = "<group>"; };
		D97165A829FA240D00D08327 /* Rubik-LightItalic.ttf */ = {isa = PBXFileReference; lastKnownFileType = file; path = "Rubik-LightItalic.ttf"; sourceTree = "<group>"; };
		D97165A929FA240D00D08327 /* Rubik-SemiBold.ttf */ = {isa = PBXFileReference; lastKnownFileType = file; path = "Rubik-SemiBold.ttf"; sourceTree = "<group>"; };
		D97165AA29FA240D00D08327 /* Rubik-Italic.ttf */ = {isa = PBXFileReference; lastKnownFileType = file; path = "Rubik-Italic.ttf"; sourceTree = "<group>"; };
		D97165AB29FA240D00D08327 /* Rubik-BoldItalic.ttf */ = {isa = PBXFileReference; lastKnownFileType = file; path = "Rubik-BoldItalic.ttf"; sourceTree = "<group>"; };
		D97165AC29FA240E00D08327 /* Rubik-Medium.ttf */ = {isa = PBXFileReference; lastKnownFileType = file; path = "Rubik-Medium.ttf"; sourceTree = "<group>"; };
		D97165AD29FA240E00D08327 /* Rubik-ExtraBoldItalic.ttf */ = {isa = PBXFileReference; lastKnownFileType = file; path = "Rubik-ExtraBoldItalic.ttf"; sourceTree = "<group>"; };
/* End PBXFileReference section */

/* Begin PBXFrameworksBuildPhase section */
		0BE038DA29F81F6D002CB20F /* Frameworks */ = {
			isa = PBXFrameworksBuildPhase;
			buildActionMask = 2147483647;
			files = (
				BA1644BF7B780990762E4ADF /* Pods_POS_App.framework in Frameworks */,
			);
			runOnlyForDeploymentPostprocessing = 0;
		};
/* End PBXFrameworksBuildPhase section */

/* Begin PBXGroup section */
		0B2054952A3A23B400BA333D /* Services */ = {
			isa = PBXGroup;
			children = (
				0B2054962A3A23DB00BA333D /* ServiceVC.swift */,
				0B2054972A3A23DB00BA333D /* ServiceVC.xib */,
				0B20549A2A3A260900BA333D /* ServiceItemCell.swift */,
				0B20549B2A3A260900BA333D /* ServiceItemCell.xib */,
				0B20549E2A3A28CB00BA333D /* ServiceDetailVC.swift */,
				0B20549F2A3A28CB00BA333D /* ServiceDetailVC.xib */,
				0BF417BD2A3B5CDF00DD36DA /* CreateServiceVC.swift */,
				0BF417BE2A3B5CDF00DD36DA /* CreateServiceVC.xib */,
				0BF417C12A3B5E2700DD36DA /* CreateServiceCell.swift */,
				0BF417C22A3B5E2700DD36DA /* CreateServiceCell.xib */,
			);
			path = Services;
			sourceTree = "<group>";
		};
		0B21416B2A13E86C00CCAAB4 /* Calendar */ = {
			isa = PBXGroup;
			children = (
				0BF417C52A3B78D400DD36DA /* DetailCalender */,
				0B74DFA02A336D19005FDA97 /* MainAction */,
				0BB43EE329FAC56900F1DE85 /* MainVC.swift */,
				0BB43EE429FAC56900F1DE85 /* MainVC.xib */,
				0B2141672A13DAB900CCAAB4 /* MainCell.swift */,
				0B2141682A13DAB900CCAAB4 /* MainCell.xib */,
				0B21416C2A13E8CE00CCAAB4 /* CreateCalenderVC.swift */,
				0B21416D2A13E8CE00CCAAB4 /* CreateCalenderVC.xib */,
				0B3D44F12A2F70F200A6186C /* ChonDichVuVC.swift */,
				0B3D44F22A2F70F200A6186C /* ChonDichVuVC.xib */,
				0B3D44F52A2F79B200A6186C /* ChonDichVuCell.swift */,
				0B3D44F62A2F79B200A6186C /* ChonDichVuCell.xib */,
				0BB1D21E2A32421400516F25 /* DichVuCell.swift */,
				0BB1D21F2A32421400516F25 /* DichVuCell.xib */,
			);
			path = Calendar;
			sourceTree = "<group>";
		};
		0B74DFA02A336D19005FDA97 /* MainAction */ = {
			isa = PBXGroup;
			children = (
				0B74DFB52A33F39F005FDA97 /* MActDeleteVC.swift */,
				0B74DFB62A33F39F005FDA97 /* MActDeleteVC.xib */,
				0B74DFB92A3409FC005FDA97 /* MActSuccessVC.swift */,
				0B74DFBA2A3409FC005FDA97 /* MActSuccessVC.xib */,
				0B1FAE5F2A344E6F00A81565 /* MainActionVC.swift */,
				0B1FAE602A344E6F00A81565 /* MainActionVC.xib */,
				0B5012312A516899009D3C0B /* MainFilterVC.swift */,
				0B5012322A516899009D3C0B /* MainFilterVC.xib */,
			);
			path = MainAction;
			sourceTree = "<group>";
		};
		0B9BAFAA2A1A22C9008679DE /* Orther */ = {
			isa = PBXGroup;
			children = (
				0B9BAFAB2A1A22F2008679DE /* TakePhotoVC.swift */,
				0B9BAFAC2A1A22F2008679DE /* TakePhotoVC.xib */,
			);
			path = Orther;
			sourceTree = "<group>";
		};
		0BB43EE029FAC4CD00F1DE85 /* Main */ = {
			isa = PBXGroup;
			children = (
				0B21416B2A13E86C00CCAAB4 /* Calendar */,
				0BB43EE129FAC54700F1DE85 /* TabBarVC.swift */,
				0BB43EEB29FAC59100F1DE85 /* PayVC.swift */,
				0BB43EEC29FAC59100F1DE85 /* PayVC.xib */,
				0BD709402A370DA200D467EC /* QRVC.swift */,
				0BD709412A370DA200D467EC /* QRVC.xib */,
			);
			path = Main;
			sourceTree = "<group>";
		};
		0BB43EEF29FAD82300F1DE85 /* font */ = {
			isa = PBXGroup;
			children = (
				0B4CA32F2A7821240084B845 /* beautiful-color-palettes-combinations-schemes-rainbow-dash.png */,
				0BB43EFC29FAD82F00F1DE85 /* Rubik-Black.ttf */,
				0BB43EF829FAD82F00F1DE85 /* Rubik-BlackItalic.ttf */,
				0BB43EF729FAD82E00F1DE85 /* Rubik-Bold.ttf */,
				0BB43EF129FAD82E00F1DE85 /* Rubik-BoldItalic.ttf */,
				0BB43EFA29FAD82F00F1DE85 /* Rubik-ExtraBold.ttf */,
				0BB43EF029FAD82E00F1DE85 /* Rubik-ExtraBoldItalic.ttf */,
				0BB43EF429FAD82E00F1DE85 /* Rubik-Italic.ttf */,
				0BB43EF329FAD82E00F1DE85 /* Rubik-Light.ttf */,
				0BB43EF929FAD82F00F1DE85 /* Rubik-LightItalic.ttf */,
				0BB43EFB29FAD82F00F1DE85 /* Rubik-Medium.ttf */,
				0BB43EFD29FAD82F00F1DE85 /* Rubik-MediumItalic.ttf */,
				0BB43EF629FAD82E00F1DE85 /* Rubik-Regular.ttf */,
				0BB43EF529FAD82E00F1DE85 /* Rubik-SemiBold.ttf */,
				0BB43EF229FAD82E00F1DE85 /* Rubik-SemiBoldItalic.ttf */,
			);
			path = font;
			sourceTree = "<group>";
		};
		0BB7FDD32A19CA87005EF9B9 /* Emoloyee */ = {
			isa = PBXGroup;
			children = (
				0BB420622A2A5ED10008B7D7 /* EmployeeVC.swift */,
				0BB420632A2A5ED10008B7D7 /* EmployeeVC.xib */,
				0BB420662A2A63450008B7D7 /* EmployeeItemCell.swift */,
				0BB420672A2A63450008B7D7 /* EmployeeItemCell.xib */,
				0B5B0EB22A2B564600E4B48A /* CreateEmployeeVC.swift */,
				0B5B0EB32A2B564600E4B48A /* CreateEmployeeVC.xib */,
				0B5B0EB62A2B9EA300E4B48A /* CreateEmployeeCell.swift */,
				0B5B0EB72A2B9EA300E4B48A /* CreateEmployeeCell.xib */,
				0BD0CF742A347B7200A0BBE5 /* EmployeeDetailVC.swift */,
				0BD0CF752A347B7200A0BBE5 /* EmployeeDetailVC.xib */,
			);
			path = Emoloyee;
			sourceTree = "<group>";
		};
		0BB7FDD42A19CA8F005EF9B9 /* Customer */ = {
			isa = PBXGroup;
			children = (
				0BB7FDD52A19CAA7005EF9B9 /* CreateCustomerVC.swift */,
				0BB7FDD62A19CAA7005EF9B9 /* CreateCustomerVC.xib */,
				0BB7FDDD2A19D6A8005EF9B9 /* CreateCustomerCell.swift */,
				0BB7FDDE2A19D6A8005EF9B9 /* CreateCustomerCell.xib */,
				0BA332A72A2C87F2007ACB14 /* CustomerVC.swift */,
				0BA332A82A2C87F2007ACB14 /* CustomerVC.xib */,
				0BA332AB2A2C8A33007ACB14 /* CustomerItemCell.swift */,
				0BA332AC2A2C8A33007ACB14 /* CustomerItemCell.xib */,
				0B9244272A4888D8001AF674 /* CustomerDetailVC.swift */,
				0B9244282A4888D8001AF674 /* CustomerDetailVC.xib */,
				0BD914312A4DEA96006C223B /* CustomerServicesCell.swift */,
				0BD914322A4DEA96006C223B /* CustomerServicesCell.xib */,
			);
			path = Customer;
			sourceTree = "<group>";
		};
		0BD5BAC129F8A3E9009F2A66 /* Auth */ = {
			isa = PBXGroup;
			children = (
				0BD5BAC629F8A419009F2A66 /* LoginOwnerVC.swift */,
				0BD5BAC729F8A419009F2A66 /* LoginOwnerVC.xib */,
				0BD5BACA29F8A439009F2A66 /* LoginEmployeeVC.swift */,
				0BD5BACB29F8A439009F2A66 /* LoginEmployeeVC.xib */,
				0BD5BACE29F8A45B009F2A66 /* SignUpVC.swift */,
				0BD5BACF29F8A45B009F2A66 /* SignUpVC.xib */,
				0B7B90E22A07A3E600D99642 /* LoginVC.swift */,
				0B7B90E32A07A3E600D99642 /* LoginVC.xib */,
				0B21415F2A13BCC100CCAAB4 /* CreateInfoVC.swift */,
				0B2141602A13BCC100CCAAB4 /* CreateInfoVC.xib */,
				0B2141632A13BE5D00CCAAB4 /* StoreInfoCell.swift */,
				0B2141642A13BE5D00CCAAB4 /* StoreInfoCell.xib */,
			);
			path = Auth;
			sourceTree = "<group>";
		};
		0BD5BAD229F8A465009F2A66 /* Home */ = {
			isa = PBXGroup;
			children = (
				0BD5BAD329F8A611009F2A66 /* SlideMenuVC.swift */,
				0BD5BAD429F8A611009F2A66 /* SlideMenuVC.xib */,
			);
			path = Home;
			sourceTree = "<group>";
		};
		0BD5BAD729F8A63B009F2A66 /* Order */ = {
			isa = PBXGroup;
			children = (
				0BD5BAD929F8A659009F2A66 /* OrderDetailVC.swift */,
				0BD5BADA29F8A659009F2A66 /* OrderDetailVC.xib */,
			);
			path = Order;
			sourceTree = "<group>";
		};
		0BD5BADD29F8A68F009F2A66 /* Transaction */ = {
			isa = PBXGroup;
			children = (
				0BD5BADE29F8A6B6009F2A66 /* HistoryTransactionVC.swift */,
				0BD5BADF29F8A6B6009F2A66 /* HistoryTransactionVC.xib */,
				0BD5BAE229F8A6D3009F2A66 /* TransactionFilterVC.swift */,
				0BD5BAE329F8A6D3009F2A66 /* TransactionFilterVC.xib */,
			);
			path = Transaction;
			sourceTree = "<group>";
		};
		0BD5BAE629F8A6ED009F2A66 /* Report */ = {
			isa = PBXGroup;
			children = (
				0B8F9E2C2A6C276600D24CB3 /* ChartEmployeeCell.swift */,
				0B8F9E2D2A6C276600D24CB3 /* ChartEmployeeCell.xib */,
				0B8F9E302A6C3DBD00D24CB3 /* ChonVNVC.swift */,
				0B8F9E312A6C3DBD00D24CB3 /* ChonVNVC.xib */,
				0B1D555A2A6D20C00071E8F0 /* ChartDayCell.swift */,
				0B1D555B2A6D20C00071E8F0 /* ChartDayCell.xib */,
				0B1D55662A6D937E0071E8F0 /* ReportMainVC.swift */,
				0B1D55672A6D937E0071E8F0 /* ReportMainVC.xib */,
				0B33C63A2A70346900201CA0 /* RPHeaderCell.swift */,
				0B33C63B2A70346900201CA0 /* RPHeaderCell.xib */,
				0B73E5BA2A72CB1800C4575A /* RPEmployeeCell.swift */,
				0B73E5BB2A72CB1800C4575A /* RPEmployeeCell.xib */,
			);
			path = Report;
			sourceTree = "<group>";
		};
		0BD5BAEF29F8A777009F2A66 /* ManageStore */ = {
			isa = PBXGroup;
			children = (
				0BF5BD722A76C39C00ECBE10 /* New Group */,
				0B2054952A3A23B400BA333D /* Services */,
				0BB7FDD42A19CA8F005EF9B9 /* Customer */,
				0BB7FDD32A19CA87005EF9B9 /* Emoloyee */,
				0BD5BAF029F8A78D009F2A66 /* ManageStoreVC.swift */,
				0BD5BAF129F8A78D009F2A66 /* ManageStoreVC.xib */,
			);
			path = ManageStore;
			sourceTree = "<group>";
		};
		0BE038D429F81F6D002CB20F = {
			isa = PBXGroup;
			children = (
				0BE038DF29F81F6D002CB20F /* POS App */,
				0BE038DE29F81F6D002CB20F /* Products */,
				1F3555E4D9A8907ED3D5D69F /* Pods */,
				F2357538D706085EBC2C7B18 /* Frameworks */,
			);
			sourceTree = "<group>";
		};
		0BE038DE29F81F6D002CB20F /* Products */ = {
			isa = PBXGroup;
			children = (
				0BE038DD29F81F6D002CB20F /* POS App.app */,
			);
			name = Products;
			sourceTree = "<group>";
		};
		0BE038DF29F81F6D002CB20F /* POS App */ = {
			isa = PBXGroup;
			children = (
				0BB43EEF29FAD82300F1DE85 /* font */,
				0BE0390229F82038002CB20F /* 1.Controllers */,
				0BE0390929F82038002CB20F /* 2.Models */,
				0BE0390129F82038002CB20F /* 3.Views */,
				0BE0390A29F82039002CB20F /* 4.Helpers */,
				0BE0390529F82038002CB20F /* 6.Resources */,
				0BE038F729F82038002CB20F /* 7.Networking */,
				0BE0391829F82039002CB20F /* 8.Base */,
				D971658D29FA23CA00D08327 /* fonts */,
				0BE038E029F81F6D002CB20F /* AppDelegate.swift */,
				0BE038E229F81F6D002CB20F /* SceneDelegate.swift */,
				0BE038E429F81F6D002CB20F /* ViewController.swift */,
				0BE038E629F81F6D002CB20F /* Main.storyboard */,
				0BE038EC29F81F6F002CB20F /* Assets.xcassets */,
				0BE038EE29F81F6F002CB20F /* LaunchScreen.storyboard */,
				0BE038F129F81F6F002CB20F /* Info.plist */,
				0BE038E929F81F6D002CB20F /* POS_App.xcdatamodeld */,
			);
			path = "POS App";
			sourceTree = "<group>";
		};
		0BE038F729F82038002CB20F /* 7.Networking */ = {
			isa = PBXGroup;
			children = (
				0BE038F829F82038002CB20F /* BaseResponse.swift */,
				0BE038F929F82038002CB20F /* ConnectionManager.swift */,
				0BE038FA29F82038002CB20F /* BaseNetworking.swift */,
				0BE038FB29F82038002CB20F /* Param */,
				0BE038FD29F82038002CB20F /* Reachability.swift */,
				0BE038FE29F82038002CB20F /* ServiceManager.swift */,
				0BE038FF29F82038002CB20F /* Services */,
			);
			path = 7.Networking;
			sourceTree = "<group>";
		};
		0BE038FB29F82038002CB20F /* Param */ = {
			isa = PBXGroup;
			children = (
				0BE038FC29F82038002CB20F /* Params.swift */,
				0BCF19842A43696A004F11CB /* ParamSearch.swift */,
				0BFD87302A518535005DE099 /* ParamSearchBook.swift */,
			);
			path = Param;
			sourceTree = "<group>";
		};
		0BE038FF29F82038002CB20F /* Services */ = {
			isa = PBXGroup;
			children = (
				0BE0390029F82038002CB20F /* CommonServices.swift */,
			);
			path = Services;
			sourceTree = "<group>";
		};
		0BE0390129F82038002CB20F /* 3.Views */ = {
			isa = PBXGroup;
			children = (
			);
			path = 3.Views;
			sourceTree = "<group>";
		};
		0BE0390229F82038002CB20F /* 1.Controllers */ = {
			isa = PBXGroup;
			children = (
				0B9BAFAA2A1A22C9008679DE /* Orther */,
				0BB43EE029FAC4CD00F1DE85 /* Main */,
				0BD5BAEF29F8A777009F2A66 /* ManageStore */,
				0BD5BAE629F8A6ED009F2A66 /* Report */,
				0BD5BADD29F8A68F009F2A66 /* Transaction */,
				0BD5BAD729F8A63B009F2A66 /* Order */,
				0BD5BAD229F8A465009F2A66 /* Home */,
				0BD5BAC129F8A3E9009F2A66 /* Auth */,
				0BD5BABD29F8A3DC009F2A66 /* HelloVC.swift */,
				0BD5BABE29F8A3DC009F2A66 /* HelloVC.xib */,
				0B1C17FE2A15676B0097B7F1 /* LoadingVC.swift */,
				0B1C17FF2A15676B0097B7F1 /* LoadingVC.xib */,
			);
			path = 1.Controllers;
			sourceTree = "<group>";
		};
		0BE0390529F82038002CB20F /* 6.Resources */ = {
			isa = PBXGroup;
			children = (
				0BE0390629F82038002CB20F /* Images */,
				0BE0390729F82038002CB20F /* Sounds */,
				0BE0390829F82038002CB20F /* Videos */,
			);
			path = 6.Resources;
			sourceTree = "<group>";
		};
		0BE0390629F82038002CB20F /* Images */ = {
			isa = PBXGroup;
			children = (
			);
			path = Images;
			sourceTree = "<group>";
		};
		0BE0390729F82038002CB20F /* Sounds */ = {
			isa = PBXGroup;
			children = (
			);
			path = Sounds;
			sourceTree = "<group>";
		};
		0BE0390829F82038002CB20F /* Videos */ = {
			isa = PBXGroup;
			children = (
			);
			path = Videos;
			sourceTree = "<group>";
		};
		0BE0390929F82038002CB20F /* 2.Models */ = {
			isa = PBXGroup;
			children = (
				0B5D185B2A0A9EB6004E47FD /* MainUser.swift */,
				0B5D185D2A0A9F69004E47FD /* PStore.swift */,
				0B5D185F2A0AA132004E47FD /* PCustomer.swift */,
				0B5D18612A0AA2DC004E47FD /* PEmployee.swift */,
				0B5D18632A0AA355004E47FD /* PBookCalender.swift */,
				0B5D18652A0AA54F004E47FD /* PProduct.swift */,
				0B5D18672A0AA5F3004E47FD /* PServices.swift */,
				0B76B93E2A7441F800B91761 /* PReport.swift */,
			);
			path = 2.Models;
			sourceTree = "<group>";
		};
		0BE0390A29F82039002CB20F /* 4.Helpers */ = {
			isa = PBXGroup;
			children = (
				0BE0390B29F82039002CB20F /* Constants.swift */,
				0BE0390C29F82039002CB20F /* Logger.swift */,
				0BE0390D29F82039002CB20F /* Common.swift */,
				0BE0390E29F82039002CB20F /* Extensions */,
				0BE0391529F82039002CB20F /* ImageHelper.swift */,
				0BE0391629F82039002CB20F /* Utility.swift */,
				0BE0391729F82039002CB20F /* DateHelper.swift */,
				0B5D18502A0A968C004E47FD /* CacheManager.swift */,
				0B5D18522A0A97D0004E47FD /* KeyCommon.swift */,
			);
			path = 4.Helpers;
			sourceTree = "<group>";
		};
		0BE0390E29F82039002CB20F /* Extensions */ = {
			isa = PBXGroup;
			children = (
				0BE0390F29F82039002CB20F /* ExDate.swift */,
				0BE0391029F82039002CB20F /* ExData.swift */,
				0BE0391129F82039002CB20F /* CommonExtension.swift */,
				0BE0391229F82039002CB20F /* ExUIDevice.swift */,
				0BE0391329F82039002CB20F /* ExString.swift */,
				0BE0391429F82039002CB20F /* ExTextField.swift */,
			);
			path = Extensions;
			sourceTree = "<group>";
		};
		0BE0391829F82039002CB20F /* 8.Base */ = {
			isa = PBXGroup;
			children = (
				0BE0391929F82039002CB20F /* BaseVC.swift */,
				0BE0391A29F82039002CB20F /* BasePopupVC.swift */,
			);
			path = 8.Base;
			sourceTree = "<group>";
		};
		0BF417C52A3B78D400DD36DA /* DetailCalender */ = {
			isa = PBXGroup;
			children = (
				0BF417C62A3B7A5000DD36DA /* DetailCalenderVC.swift */,
				0BF417C72A3B7A5000DD36DA /* DetailCalenderVC.xib */,
				0BF417CA2A3B7D6100DD36DA /* BookHeaderCell.swift */,
				0BF417CB2A3B7D6100DD36DA /* BookHeaderCell.xib */,
				0BF417CE2A3B838B00DD36DA /* MidBookDetaiCell.swift */,
				0BF417CF2A3B838B00DD36DA /* MidBookDetaiCell.xib */,
				0BB37E192A5EDE070003AAA3 /* ItemServicesCell.swift */,
				0BB37E1A2A5EDE070003AAA3 /* ItemServicesCell.xib */,
			);
			path = DetailCalender;
			sourceTree = "<group>";
		};
		0BF5BD722A76C39C00ECBE10 /* New Group */ = {
			isa = PBXGroup;
			children = (
			);
			path = "New Group";
			sourceTree = "<group>";
		};
		1F3555E4D9A8907ED3D5D69F /* Pods */ = {
			isa = PBXGroup;
			children = (
				A445E638468BEE3772F3A9DB /* Pods-POS App.debug.xcconfig */,
				284A6890BF03F09ADA14102B /* Pods-POS App.release.xcconfig */,
			);
			path = Pods;
			sourceTree = "<group>";
		};
		D971658D29FA23CA00D08327 /* fonts */ = {
			isa = PBXGroup;
			children = (
				D97165A729FA240D00D08327 /* Rubik-Black.ttf */,
				D97165A329FA240C00D08327 /* Rubik-BlackItalic.ttf */,
				D97165A229FA240C00D08327 /* Rubik-Bold.ttf */,
				D97165AB29FA240D00D08327 /* Rubik-BoldItalic.ttf */,
				D97165A429FA240C00D08327 /* Rubik-ExtraBold.ttf */,
				D97165AD29FA240E00D08327 /* Rubik-ExtraBoldItalic.ttf */,
				D97165AA29FA240D00D08327 /* Rubik-Italic.ttf */,
				D97165A029FA240C00D08327 /* Rubik-Light.ttf */,
				D97165A829FA240D00D08327 /* Rubik-LightItalic.ttf */,
				D97165AC29FA240E00D08327 /* Rubik-Medium.ttf */,
				D97165A529FA240D00D08327 /* Rubik-MediumItalic.ttf */,
				D97165A629FA240D00D08327 /* Rubik-Regular.ttf */,
				D97165A929FA240D00D08327 /* Rubik-SemiBold.ttf */,
				D97165A129FA240C00D08327 /* Rubik-SemiBoldItalic.ttf */,
			);
			path = fonts;
			sourceTree = "<group>";
		};
		F2357538D706085EBC2C7B18 /* Frameworks */ = {
			isa = PBXGroup;
			children = (
				4F7EA84666864ABF0E12EDDE /* Pods_POS_App.framework */,
			);
			name = Frameworks;
			sourceTree = "<group>";
		};
/* End PBXGroup section */

/* Begin PBXNativeTarget section */
		0BE038DC29F81F6D002CB20F /* POS App */ = {
			isa = PBXNativeTarget;
			buildConfigurationList = 0BE038F429F81F6F002CB20F /* Build configuration list for PBXNativeTarget "POS App" */;
			buildPhases = (
				11D44196EB001C1BF4E4AC12 /* [CP] Check Pods Manifest.lock */,
				0BE038D929F81F6D002CB20F /* Sources */,
				0BE038DA29F81F6D002CB20F /* Frameworks */,
				0BE038DB29F81F6D002CB20F /* Resources */,
				57BF763E55616D2445FE4A10 /* [CP] Embed Pods Frameworks */,
			);
			buildRules = (
			);
			dependencies = (
			);
			name = "POS App";
			productName = "POS App";
			productReference = 0BE038DD29F81F6D002CB20F /* POS App.app */;
			productType = "com.apple.product-type.application";
		};
/* End PBXNativeTarget section */

/* Begin PBXProject section */
		0BE038D529F81F6D002CB20F /* Project object */ = {
			isa = PBXProject;
			attributes = {
				BuildIndependentTargetsInParallel = 1;
				LastSwiftUpdateCheck = 1420;
				LastUpgradeCheck = 1420;
				TargetAttributes = {
					0BE038DC29F81F6D002CB20F = {
						CreatedOnToolsVersion = 14.2;
					};
				};
			};
			buildConfigurationList = 0BE038D829F81F6D002CB20F /* Build configuration list for PBXProject "POS App" */;
			compatibilityVersion = "Xcode 14.0";
			developmentRegion = en;
			hasScannedForEncodings = 0;
			knownRegions = (
				en,
				Base,
			);
			mainGroup = 0BE038D429F81F6D002CB20F;
			productRefGroup = 0BE038DE29F81F6D002CB20F /* Products */;
			projectDirPath = "";
			projectRoot = "";
			targets = (
				0BE038DC29F81F6D002CB20F /* POS App */,
			);
		};
/* End PBXProject section */

/* Begin PBXResourcesBuildPhase section */
		0BE038DB29F81F6D002CB20F /* Resources */ = {
			isa = PBXResourcesBuildPhase;
			buildActionMask = 2147483647;
			files = (
				0BF417C02A3B5CDF00DD36DA /* CreateServiceVC.xib in Resources */,
				0BD914342A4DEA96006C223B /* CustomerServicesCell.xib in Resources */,
				0B5B0EB92A2B9EA300E4B48A /* CreateEmployeeCell.xib in Resources */,
				0B4CA3302A7821240084B845 /* beautiful-color-palettes-combinations-schemes-rainbow-dash.png in Resources */,
				0B1FAE622A344E6F00A81565 /* MainActionVC.xib in Resources */,
				0BB43EE629FAC56900F1DE85 /* MainVC.xib in Resources */,
				0B5012342A516899009D3C0B /* MainFilterVC.xib in Resources */,
				0BB43F0429FAD82F00F1DE85 /* Rubik-Regular.ttf in Resources */,
				0BD5BAF329F8A78D009F2A66 /* ManageStoreVC.xib in Resources */,
				0B8F9E332A6C3DBD00D24CB3 /* ChonVNVC.xib in Resources */,
				0B1D55692A6D937E0071E8F0 /* ReportMainVC.xib in Resources */,
				0BF417D12A3B838B00DD36DA /* MidBookDetaiCell.xib in Resources */,
				0BB43F0929FAD82F00F1DE85 /* Rubik-Medium.ttf in Resources */,
				0B74DFB82A33F39F005FDA97 /* MActDeleteVC.xib in Resources */,
				0BA332AA2A2C87F2007ACB14 /* CustomerVC.xib in Resources */,
				0B2141662A13BE5D00CCAAB4 /* StoreInfoCell.xib in Resources */,
				0B2054992A3A23DB00BA333D /* ServiceVC.xib in Resources */,
				0BB7FDD82A19CAA7005EF9B9 /* CreateCustomerVC.xib in Resources */,
				0B2141622A13BCC100CCAAB4 /* CreateInfoVC.xib in Resources */,
				0BE038F029F81F6F002CB20F /* LaunchScreen.storyboard in Resources */,
				0BB420652A2A5ED10008B7D7 /* EmployeeVC.xib in Resources */,
				0BD5BAE529F8A6D3009F2A66 /* TransactionFilterVC.xib in Resources */,
				0BD5BACD29F8A439009F2A66 /* LoginEmployeeVC.xib in Resources */,
				0BB43F0229FAD82F00F1DE85 /* Rubik-Italic.ttf in Resources */,
				0BD5BAE129F8A6B6009F2A66 /* HistoryTransactionVC.xib in Resources */,
				0BB43F0029FAD82F00F1DE85 /* Rubik-SemiBoldItalic.ttf in Resources */,
				0B20549D2A3A260900BA333D /* ServiceItemCell.xib in Resources */,
				0BB37E1C2A5EDE070003AAA3 /* ItemServicesCell.xib in Resources */,
				0B73E5BD2A72CB1800C4575A /* RPEmployeeCell.xib in Resources */,
				0B92442A2A4888D8001AF674 /* CustomerDetailVC.xib in Resources */,
				0BD5BAC929F8A419009F2A66 /* LoginOwnerVC.xib in Resources */,
				0BD5BAD129F8A45B009F2A66 /* SignUpVC.xib in Resources */,
				0BB1D2212A32421400516F25 /* DichVuCell.xib in Resources */,
				0B2054A12A3A28CB00BA333D /* ServiceDetailVC.xib in Resources */,
				0BD0CF772A347B7200A0BBE5 /* EmployeeDetailVC.xib in Resources */,
				0B9BAFAE2A1A22F2008679DE /* TakePhotoVC.xib in Resources */,
				0B21416F2A13E8CE00CCAAB4 /* CreateCalenderVC.xib in Resources */,
				0B7B90E52A07A3E600D99642 /* LoginVC.xib in Resources */,
				0BF417CD2A3B7D6100DD36DA /* BookHeaderCell.xib in Resources */,
				0BD5BAC029F8A3DC009F2A66 /* HelloVC.xib in Resources */,
				0BA332AE2A2C8A33007ACB14 /* CustomerItemCell.xib in Resources */,
				0BB7FDE02A19D6A8005EF9B9 /* CreateCustomerCell.xib in Resources */,
				0BE038ED29F81F6F002CB20F /* Assets.xcassets in Resources */,
				0BD709432A370DA200D467EC /* QRVC.xib in Resources */,
				0B21416A2A13DAB900CCAAB4 /* MainCell.xib in Resources */,
				0BB43EFE29FAD82F00F1DE85 /* Rubik-ExtraBoldItalic.ttf in Resources */,
				0BB43F0A29FAD82F00F1DE85 /* Rubik-Black.ttf in Resources */,
				0B3D44F42A2F70F200A6186C /* ChonDichVuVC.xib in Resources */,
				0B74DFBC2A3409FC005FDA97 /* MActSuccessVC.xib in Resources */,
				0BB43F0B29FAD82F00F1DE85 /* Rubik-MediumItalic.ttf in Resources */,
				0BF417C92A3B7A5000DD36DA /* DetailCalenderVC.xib in Resources */,
				0BB43EEE29FAC59100F1DE85 /* PayVC.xib in Resources */,
				0BB420692A2A63450008B7D7 /* EmployeeItemCell.xib in Resources */,
				0BE038E829F81F6D002CB20F /* Main.storyboard in Resources */,
				0B1D555D2A6D20C00071E8F0 /* ChartDayCell.xib in Resources */,
				0BF417C42A3B5E2700DD36DA /* CreateServiceCell.xib in Resources */,
				0B8F9E2F2A6C276600D24CB3 /* ChartEmployeeCell.xib in Resources */,
				0B1C18012A15676B0097B7F1 /* LoadingVC.xib in Resources */,
				0BB43F0529FAD82F00F1DE85 /* Rubik-Bold.ttf in Resources */,
				0BB43EFF29FAD82F00F1DE85 /* Rubik-BoldItalic.ttf in Resources */,
				0BB43F0729FAD82F00F1DE85 /* Rubik-LightItalic.ttf in Resources */,
				0BD5BADC29F8A659009F2A66 /* OrderDetailVC.xib in Resources */,
				0B33C63D2A70346900201CA0 /* RPHeaderCell.xib in Resources */,
				0B5B0EB52A2B564600E4B48A /* CreateEmployeeVC.xib in Resources */,
				0BB43F0629FAD82F00F1DE85 /* Rubik-BlackItalic.ttf in Resources */,
				0BB43F0329FAD82F00F1DE85 /* Rubik-SemiBold.ttf in Resources */,
				0BB43F0129FAD82F00F1DE85 /* Rubik-Light.ttf in Resources */,
				0BB43F0829FAD82F00F1DE85 /* Rubik-ExtraBold.ttf in Resources */,
				0B3D44F82A2F79B200A6186C /* ChonDichVuCell.xib in Resources */,
				0BD5BAD629F8A611009F2A66 /* SlideMenuVC.xib in Resources */,
			);
			runOnlyForDeploymentPostprocessing = 0;
		};
/* End PBXResourcesBuildPhase section */

/* Begin PBXShellScriptBuildPhase section */
		11D44196EB001C1BF4E4AC12 /* [CP] Check Pods Manifest.lock */ = {
			isa = PBXShellScriptBuildPhase;
			buildActionMask = 2147483647;
			files = (
			);
			inputFileListPaths = (
			);
			inputPaths = (
				"${PODS_PODFILE_DIR_PATH}/Podfile.lock",
				"${PODS_ROOT}/Manifest.lock",
			);
			name = "[CP] Check Pods Manifest.lock";
			outputFileListPaths = (
			);
			outputPaths = (
				"$(DERIVED_FILE_DIR)/Pods-POS App-checkManifestLockResult.txt",
			);
			runOnlyForDeploymentPostprocessing = 0;
			shellPath = /bin/sh;
			shellScript = "diff \"${PODS_PODFILE_DIR_PATH}/Podfile.lock\" \"${PODS_ROOT}/Manifest.lock\" > /dev/null\nif [ $? != 0 ] ; then\n    # print error to STDERR\n    echo \"error: The sandbox is not in sync with the Podfile.lock. Run 'pod install' or update your CocoaPods installation.\" >&2\n    exit 1\nfi\n# This output is used by Xcode 'outputs' to avoid re-running this script phase.\necho \"SUCCESS\" > \"${SCRIPT_OUTPUT_FILE_0}\"\n";
			showEnvVarsInLog = 0;
		};
		57BF763E55616D2445FE4A10 /* [CP] Embed Pods Frameworks */ = {
			isa = PBXShellScriptBuildPhase;
			buildActionMask = 2147483647;
			files = (
			);
			inputFileListPaths = (
				"${PODS_ROOT}/Target Support Files/Pods-POS App/Pods-POS App-frameworks-${CONFIGURATION}-input-files.xcfilelist",
			);
			name = "[CP] Embed Pods Frameworks";
			outputFileListPaths = (
				"${PODS_ROOT}/Target Support Files/Pods-POS App/Pods-POS App-frameworks-${CONFIGURATION}-output-files.xcfilelist",
			);
			runOnlyForDeploymentPostprocessing = 0;
			shellPath = /bin/sh;
			shellScript = "\"${PODS_ROOT}/Target Support Files/Pods-POS App/Pods-POS App-frameworks.sh\"\n";
			showEnvVarsInLog = 0;
		};
/* End PBXShellScriptBuildPhase section */

/* Begin PBXSourcesBuildPhase section */
		0BE038D929F81F6D002CB20F /* Sources */ = {
			isa = PBXSourcesBuildPhase;
			buildActionMask = 2147483647;
			files = (
				0B5D185E2A0A9F69004E47FD /* PStore.swift in Sources */,
				0B5D185C2A0A9EB6004E47FD /* MainUser.swift in Sources */,
				0B33C63C2A70346900201CA0 /* RPHeaderCell.swift in Sources */,
				0B74DFB72A33F39F005FDA97 /* MActDeleteVC.swift in Sources */,
				0BD914332A4DEA96006C223B /* CustomerServicesCell.swift in Sources */,
				0BA332A92A2C87F2007ACB14 /* CustomerVC.swift in Sources */,
				0B5D18682A0AA5F3004E47FD /* PServices.swift in Sources */,
				0BE0391B29F82039002CB20F /* BaseResponse.swift in Sources */,
				0B1D55682A6D937E0071E8F0 /* ReportMainVC.swift in Sources */,
				0B9BAFAD2A1A22F2008679DE /* TakePhotoVC.swift in Sources */,
				0BB420682A2A63450008B7D7 /* EmployeeItemCell.swift in Sources */,
				0B2141692A13DAB900CCAAB4 /* MainCell.swift in Sources */,
				0BD5BAE029F8A6B6009F2A66 /* HistoryTransactionVC.swift in Sources */,
				0BF417C32A3B5E2700DD36DA /* CreateServiceCell.swift in Sources */,
				0BE0393129F82039002CB20F /* BasePopupVC.swift in Sources */,
				0BB43EE229FAC54700F1DE85 /* TabBarVC.swift in Sources */,
				0BE0392729F82039002CB20F /* ExDate.swift in Sources */,
				0BE0392C29F82039002CB20F /* ExTextField.swift in Sources */,
				0BD5BAC829F8A419009F2A66 /* LoginOwnerVC.swift in Sources */,
				0BD5BAD529F8A611009F2A66 /* SlideMenuVC.swift in Sources */,
				0B2141612A13BCC100CCAAB4 /* CreateInfoVC.swift in Sources */,
				0B5D18622A0AA2DC004E47FD /* PEmployee.swift in Sources */,
				0B76B93F2A7441F900B91761 /* PReport.swift in Sources */,
				0BB37E1B2A5EDE070003AAA3 /* ItemServicesCell.swift in Sources */,
				0B74DFBB2A3409FC005FDA97 /* MActSuccessVC.swift in Sources */,
				0BE0391C29F82039002CB20F /* ConnectionManager.swift in Sources */,
				0BA332AD2A2C8A33007ACB14 /* CustomerItemCell.swift in Sources */,
				0BF417C82A3B7A5000DD36DA /* DetailCalenderVC.swift in Sources */,
				0B20549C2A3A260900BA333D /* ServiceItemCell.swift in Sources */,
				0BE038E529F81F6D002CB20F /* ViewController.swift in Sources */,
				0BE0392A29F82039002CB20F /* ExUIDevice.swift in Sources */,
				0B5D18602A0AA132004E47FD /* PCustomer.swift in Sources */,
				0B2054982A3A23DB00BA333D /* ServiceVC.swift in Sources */,
				0BFD87312A518535005DE099 /* ParamSearchBook.swift in Sources */,
				0B1FAE612A344E6F00A81565 /* MainActionVC.swift in Sources */,
				0BE0391E29F82039002CB20F /* Params.swift in Sources */,
				0BE038E129F81F6D002CB20F /* AppDelegate.swift in Sources */,
				0BE0393029F82039002CB20F /* BaseVC.swift in Sources */,
				0BD5BAF229F8A78D009F2A66 /* ManageStoreVC.swift in Sources */,
				0BE0392F29F82039002CB20F /* DateHelper.swift in Sources */,
				0BB7FDD72A19CAA7005EF9B9 /* CreateCustomerVC.swift in Sources */,
				0BE0391F29F82039002CB20F /* Reachability.swift in Sources */,
				0B3D44F72A2F79B200A6186C /* ChonDichVuCell.swift in Sources */,
				0B8F9E2E2A6C276600D24CB3 /* ChartEmployeeCell.swift in Sources */,
				0B5B0EB42A2B564600E4B48A /* CreateEmployeeVC.swift in Sources */,
				0BF417BF2A3B5CDF00DD36DA /* CreateServiceVC.swift in Sources */,
				0BE0392B29F82039002CB20F /* ExString.swift in Sources */,
				0B21416E2A13E8CE00CCAAB4 /* CreateCalenderVC.swift in Sources */,
				0BD5BABF29F8A3DC009F2A66 /* HelloVC.swift in Sources */,
				0BE0392429F82039002CB20F /* Constants.swift in Sources */,
				0BF417D02A3B838B00DD36DA /* MidBookDetaiCell.swift in Sources */,
				0BD5BAE429F8A6D3009F2A66 /* TransactionFilterVC.swift in Sources */,
				0BD0CF762A347B7200A0BBE5 /* EmployeeDetailVC.swift in Sources */,
				0BF417CC2A3B7D6100DD36DA /* BookHeaderCell.swift in Sources */,
				0B7B90E42A07A3E600D99642 /* LoginVC.swift in Sources */,
				0B73E5BC2A72CB1800C4575A /* RPEmployeeCell.swift in Sources */,
				0B5D18532A0A97D0004E47FD /* KeyCommon.swift in Sources */,
				0B5D18642A0AA355004E47FD /* PBookCalender.swift in Sources */,
				0BE0392829F82039002CB20F /* ExData.swift in Sources */,
				0BE038EB29F81F6D002CB20F /* POS_App.xcdatamodeld in Sources */,
				0BB7FDDF2A19D6A8005EF9B9 /* CreateCustomerCell.swift in Sources */,
				0B2141652A13BE5D00CCAAB4 /* StoreInfoCell.swift in Sources */,
				0B3D44F32A2F70F200A6186C /* ChonDichVuVC.swift in Sources */,
				0B1D555C2A6D20C00071E8F0 /* ChartDayCell.swift in Sources */,
				0BE0391D29F82039002CB20F /* BaseNetworking.swift in Sources */,
				0BD5BACC29F8A439009F2A66 /* LoginEmployeeVC.swift in Sources */,
				0BD5BADB29F8A659009F2A66 /* OrderDetailVC.swift in Sources */,
				0BB1D2202A32421400516F25 /* DichVuCell.swift in Sources */,
				0BB420642A2A5ED10008B7D7 /* EmployeeVC.swift in Sources */,
				0B5D18662A0AA54F004E47FD /* PProduct.swift in Sources */,
				0BD709422A370DA200D467EC /* QRVC.swift in Sources */,
				0BE038E329F81F6D002CB20F /* SceneDelegate.swift in Sources */,
				0BE0392E29F82039002CB20F /* Utility.swift in Sources */,
				0B8F9E322A6C3DBD00D24CB3 /* ChonVNVC.swift in Sources */,
				0B5B0EB82A2B9EA300E4B48A /* CreateEmployeeCell.swift in Sources */,
				0BE0392529F82039002CB20F /* Logger.swift in Sources */,
				0BB43EE529FAC56900F1DE85 /* MainVC.swift in Sources */,
				0B5D18512A0A968C004E47FD /* CacheManager.swift in Sources */,
				0BB43EED29FAC59100F1DE85 /* PayVC.swift in Sources */,
				0BE0392029F82039002CB20F /* ServiceManager.swift in Sources */,
				0BE0392629F82039002CB20F /* Common.swift in Sources */,
				0BE0392929F82039002CB20F /* CommonExtension.swift in Sources */,
				0BE0392129F82039002CB20F /* CommonServices.swift in Sources */,
				0BCF19852A43696A004F11CB /* ParamSearch.swift in Sources */,
				0BD5BAD029F8A45B009F2A66 /* SignUpVC.swift in Sources */,
				0B5012332A516899009D3C0B /* MainFilterVC.swift in Sources */,
				0BE0392D29F82039002CB20F /* ImageHelper.swift in Sources */,
				0B2054A02A3A28CB00BA333D /* ServiceDetailVC.swift in Sources */,
				0B9244292A4888D8001AF674 /* CustomerDetailVC.swift in Sources */,
				0B1C18002A15676B0097B7F1 /* LoadingVC.swift in Sources */,
			);
			runOnlyForDeploymentPostprocessing = 0;
		};
/* End PBXSourcesBuildPhase section */

/* Begin PBXVariantGroup section */
		0BE038E629F81F6D002CB20F /* Main.storyboard */ = {
			isa = PBXVariantGroup;
			children = (
				0BE038E729F81F6D002CB20F /* Base */,
			);
			name = Main.storyboard;
			sourceTree = "<group>";
		};
		0BE038EE29F81F6F002CB20F /* LaunchScreen.storyboard */ = {
			isa = PBXVariantGroup;
			children = (
				0BE038EF29F81F6F002CB20F /* Base */,
			);
			name = LaunchScreen.storyboard;
			sourceTree = "<group>";
		};
/* End PBXVariantGroup section */

/* Begin XCBuildConfiguration section */
		0BE038F229F81F6F002CB20F /* Debug */ = {
			isa = XCBuildConfiguration;
			buildSettings = {
				ALWAYS_SEARCH_USER_PATHS = NO;
				CLANG_ANALYZER_NONNULL = YES;
				CLANG_ANALYZER_NUMBER_OBJECT_CONVERSION = YES_AGGRESSIVE;
				CLANG_CXX_LANGUAGE_STANDARD = "gnu++20";
				CLANG_ENABLE_MODULES = YES;
				CLANG_ENABLE_OBJC_ARC = YES;
				CLANG_ENABLE_OBJC_WEAK = YES;
				CLANG_WARN_BLOCK_CAPTURE_AUTORELEASING = YES;
				CLANG_WARN_BOOL_CONVERSION = YES;
				CLANG_WARN_COMMA = YES;
				CLANG_WARN_CONSTANT_CONVERSION = YES;
				CLANG_WARN_DEPRECATED_OBJC_IMPLEMENTATIONS = YES;
				CLANG_WARN_DIRECT_OBJC_ISA_USAGE = YES_ERROR;
				CLANG_WARN_DOCUMENTATION_COMMENTS = YES;
				CLANG_WARN_EMPTY_BODY = YES;
				CLANG_WARN_ENUM_CONVERSION = YES;
				CLANG_WARN_INFINITE_RECURSION = YES;
				CLANG_WARN_INT_CONVERSION = YES;
				CLANG_WARN_NON_LITERAL_NULL_CONVERSION = YES;
				CLANG_WARN_OBJC_IMPLICIT_RETAIN_SELF = YES;
				CLANG_WARN_OBJC_LITERAL_CONVERSION = YES;
				CLANG_WARN_OBJC_ROOT_CLASS = YES_ERROR;
				CLANG_WARN_QUOTED_INCLUDE_IN_FRAMEWORK_HEADER = YES;
				CLANG_WARN_RANGE_LOOP_ANALYSIS = YES;
				CLANG_WARN_STRICT_PROTOTYPES = YES;
				CLANG_WARN_SUSPICIOUS_MOVE = YES;
				CLANG_WARN_UNGUARDED_AVAILABILITY = YES_AGGRESSIVE;
				CLANG_WARN_UNREACHABLE_CODE = YES;
				CLANG_WARN__DUPLICATE_METHOD_MATCH = YES;
				COPY_PHASE_STRIP = NO;
				DEBUG_INFORMATION_FORMAT = dwarf;
				ENABLE_STRICT_OBJC_MSGSEND = YES;
				ENABLE_TESTABILITY = YES;
				GCC_C_LANGUAGE_STANDARD = gnu11;
				GCC_DYNAMIC_NO_PIC = NO;
				GCC_NO_COMMON_BLOCKS = YES;
				GCC_OPTIMIZATION_LEVEL = 0;
				GCC_PREPROCESSOR_DEFINITIONS = (
					"DEBUG=1",
					"$(inherited)",
				);
				GCC_WARN_64_TO_32_BIT_CONVERSION = YES;
				GCC_WARN_ABOUT_RETURN_TYPE = YES_ERROR;
				GCC_WARN_UNDECLARED_SELECTOR = YES;
				GCC_WARN_UNINITIALIZED_AUTOS = YES_AGGRESSIVE;
				GCC_WARN_UNUSED_FUNCTION = YES;
				GCC_WARN_UNUSED_VARIABLE = YES;
				IPHONEOS_DEPLOYMENT_TARGET = 13.0;
				MTL_ENABLE_DEBUG_INFO = INCLUDE_SOURCE;
				MTL_FAST_MATH = YES;
				ONLY_ACTIVE_ARCH = YES;
				SDKROOT = iphoneos;
				SWIFT_ACTIVE_COMPILATION_CONDITIONS = DEBUG;
				SWIFT_OPTIMIZATION_LEVEL = "-Onone";
			};
			name = Debug;
		};
		0BE038F329F81F6F002CB20F /* Release */ = {
			isa = XCBuildConfiguration;
			buildSettings = {
				ALWAYS_SEARCH_USER_PATHS = NO;
				CLANG_ANALYZER_NONNULL = YES;
				CLANG_ANALYZER_NUMBER_OBJECT_CONVERSION = YES_AGGRESSIVE;
				CLANG_CXX_LANGUAGE_STANDARD = "gnu++20";
				CLANG_ENABLE_MODULES = YES;
				CLANG_ENABLE_OBJC_ARC = YES;
				CLANG_ENABLE_OBJC_WEAK = YES;
				CLANG_WARN_BLOCK_CAPTURE_AUTORELEASING = YES;
				CLANG_WARN_BOOL_CONVERSION = YES;
				CLANG_WARN_COMMA = YES;
				CLANG_WARN_CONSTANT_CONVERSION = YES;
				CLANG_WARN_DEPRECATED_OBJC_IMPLEMENTATIONS = YES;
				CLANG_WARN_DIRECT_OBJC_ISA_USAGE = YES_ERROR;
				CLANG_WARN_DOCUMENTATION_COMMENTS = YES;
				CLANG_WARN_EMPTY_BODY = YES;
				CLANG_WARN_ENUM_CONVERSION = YES;
				CLANG_WARN_INFINITE_RECURSION = YES;
				CLANG_WARN_INT_CONVERSION = YES;
				CLANG_WARN_NON_LITERAL_NULL_CONVERSION = YES;
				CLANG_WARN_OBJC_IMPLICIT_RETAIN_SELF = YES;
				CLANG_WARN_OBJC_LITERAL_CONVERSION = YES;
				CLANG_WARN_OBJC_ROOT_CLASS = YES_ERROR;
				CLANG_WARN_QUOTED_INCLUDE_IN_FRAMEWORK_HEADER = YES;
				CLANG_WARN_RANGE_LOOP_ANALYSIS = YES;
				CLANG_WARN_STRICT_PROTOTYPES = YES;
				CLANG_WARN_SUSPICIOUS_MOVE = YES;
				CLANG_WARN_UNGUARDED_AVAILABILITY = YES_AGGRESSIVE;
				CLANG_WARN_UNREACHABLE_CODE = YES;
				CLANG_WARN__DUPLICATE_METHOD_MATCH = YES;
				COPY_PHASE_STRIP = NO;
				DEBUG_INFORMATION_FORMAT = "dwarf-with-dsym";
				ENABLE_NS_ASSERTIONS = NO;
				ENABLE_STRICT_OBJC_MSGSEND = YES;
				GCC_C_LANGUAGE_STANDARD = gnu11;
				GCC_NO_COMMON_BLOCKS = YES;
				GCC_WARN_64_TO_32_BIT_CONVERSION = YES;
				GCC_WARN_ABOUT_RETURN_TYPE = YES_ERROR;
				GCC_WARN_UNDECLARED_SELECTOR = YES;
				GCC_WARN_UNINITIALIZED_AUTOS = YES_AGGRESSIVE;
				GCC_WARN_UNUSED_FUNCTION = YES;
				GCC_WARN_UNUSED_VARIABLE = YES;
				IPHONEOS_DEPLOYMENT_TARGET = 13.0;
				MTL_ENABLE_DEBUG_INFO = NO;
				MTL_FAST_MATH = YES;
				SDKROOT = iphoneos;
				SWIFT_COMPILATION_MODE = wholemodule;
				SWIFT_OPTIMIZATION_LEVEL = "-O";
				VALIDATE_PRODUCT = YES;
			};
			name = Release;
		};
		0BE038F529F81F6F002CB20F /* Debug */ = {
			isa = XCBuildConfiguration;
			baseConfigurationReference = A445E638468BEE3772F3A9DB /* Pods-POS App.debug.xcconfig */;
			buildSettings = {
				ASSETCATALOG_COMPILER_APPICON_NAME = AppIcon;
				ASSETCATALOG_COMPILER_GLOBAL_ACCENT_COLOR_NAME = AccentColor;
				CODE_SIGN_IDENTITY = "Apple Development";
				CODE_SIGN_STYLE = Automatic;
				CURRENT_PROJECT_VERSION = 1;
				DEVELOPMENT_TEAM = 4524TL74Z9;
				GENERATE_INFOPLIST_FILE = YES;
				INFOPLIST_FILE = "POS App/Info.plist";
				INFOPLIST_KEY_NSCameraUsageDescription = "Sử dụng máy ảnh để chụp ảnh đại diện";
				INFOPLIST_KEY_NSFaceIDUsageDescription = "Login app";
				INFOPLIST_KEY_NSFileProviderDomainUsageDescription = "";
				INFOPLIST_KEY_UIApplicationSupportsIndirectInputEvents = YES;
				INFOPLIST_KEY_UILaunchStoryboardName = LaunchScreen;
				INFOPLIST_KEY_UIMainStoryboardFile = Main;
				INFOPLIST_KEY_UISupportedInterfaceOrientations_iPad = "UIInterfaceOrientationPortrait UIInterfaceOrientationPortraitUpsideDown UIInterfaceOrientationLandscapeLeft UIInterfaceOrientationLandscapeRight";
				INFOPLIST_KEY_UISupportedInterfaceOrientations_iPhone = "UIInterfaceOrientationPortrait UIInterfaceOrientationLandscapeLeft UIInterfaceOrientationLandscapeRight";
				IPHONEOS_DEPLOYMENT_TARGET = 13.0;
				LD_RUNPATH_SEARCH_PATHS = (
					"$(inherited)",
					"@executable_path/Frameworks",
				);
				MARKETING_VERSION = 1.0;
				PRODUCT_BUNDLE_IDENTIFIER = "com.vimass.qrvn.POS-App";
				PRODUCT_NAME = "$(TARGET_NAME)";
				PROVISIONING_PROFILE_SPECIFIER = "";
				SUPPORTED_PLATFORMS = "iphoneos iphonesimulator";
				SUPPORTS_MACCATALYST = NO;
				SUPPORTS_MAC_DESIGNED_FOR_IPHONE_IPAD = NO;
				SWIFT_EMIT_LOC_STRINGS = YES;
				SWIFT_VERSION = 5.0;
				TARGETED_DEVICE_FAMILY = "1,2";
			};
			name = Debug;
		};
		0BE038F629F81F6F002CB20F /* Release */ = {
			isa = XCBuildConfiguration;
			baseConfigurationReference = 284A6890BF03F09ADA14102B /* Pods-POS App.release.xcconfig */;
			buildSettings = {
				ASSETCATALOG_COMPILER_APPICON_NAME = AppIcon;
				ASSETCATALOG_COMPILER_GLOBAL_ACCENT_COLOR_NAME = AccentColor;
				CODE_SIGN_IDENTITY = "Apple Development";
				CODE_SIGN_STYLE = Automatic;
				CURRENT_PROJECT_VERSION = 1;
				DEVELOPMENT_TEAM = 4524TL74Z9;
				GENERATE_INFOPLIST_FILE = YES;
				INFOPLIST_FILE = "POS App/Info.plist";
				INFOPLIST_KEY_NSCameraUsageDescription = "Sử dụng máy ảnh để chụp ảnh đại diện";
				INFOPLIST_KEY_NSFaceIDUsageDescription = "Login app";
				INFOPLIST_KEY_NSFileProviderDomainUsageDescription = "";
				INFOPLIST_KEY_UIApplicationSupportsIndirectInputEvents = YES;
				INFOPLIST_KEY_UILaunchStoryboardName = LaunchScreen;
				INFOPLIST_KEY_UIMainStoryboardFile = Main;
				INFOPLIST_KEY_UISupportedInterfaceOrientations_iPad = "UIInterfaceOrientationPortrait UIInterfaceOrientationPortraitUpsideDown UIInterfaceOrientationLandscapeLeft UIInterfaceOrientationLandscapeRight";
				INFOPLIST_KEY_UISupportedInterfaceOrientations_iPhone = "UIInterfaceOrientationPortrait UIInterfaceOrientationLandscapeLeft UIInterfaceOrientationLandscapeRight";
				IPHONEOS_DEPLOYMENT_TARGET = 13.0;
				LD_RUNPATH_SEARCH_PATHS = (
					"$(inherited)",
					"@executable_path/Frameworks",
				);
				MARKETING_VERSION = 1.0;
				PRODUCT_BUNDLE_IDENTIFIER = "com.vimass.qrvn.POS-App";
				PRODUCT_NAME = "$(TARGET_NAME)";
				PROVISIONING_PROFILE_SPECIFIER = "";
				SUPPORTED_PLATFORMS = "iphoneos iphonesimulator";
				SUPPORTS_MACCATALYST = NO;
				SUPPORTS_MAC_DESIGNED_FOR_IPHONE_IPAD = NO;
				SWIFT_EMIT_LOC_STRINGS = YES;
				SWIFT_VERSION = 5.0;
				TARGETED_DEVICE_FAMILY = "1,2";
			};
			name = Release;
		};
/* End XCBuildConfiguration section */

/* Begin XCConfigurationList section */
		0BE038D829F81F6D002CB20F /* Build configuration list for PBXProject "POS App" */ = {
			isa = XCConfigurationList;
			buildConfigurations = (
				0BE038F229F81F6F002CB20F /* Debug */,
				0BE038F329F81F6F002CB20F /* Release */,
			);
			defaultConfigurationIsVisible = 0;
			defaultConfigurationName = Release;
		};
		0BE038F429F81F6F002CB20F /* Build configuration list for PBXNativeTarget "POS App" */ = {
			isa = XCConfigurationList;
			buildConfigurations = (
				0BE038F529F81F6F002CB20F /* Debug */,
				0BE038F629F81F6F002CB20F /* Release */,
			);
			defaultConfigurationIsVisible = 0;
			defaultConfigurationName = Release;
		};
/* End XCConfigurationList section */

/* Begin XCVersionGroup section */
		0BE038E929F81F6D002CB20F /* POS_App.xcdatamodeld */ = {
			isa = XCVersionGroup;
			children = (
				0BE038EA29F81F6D002CB20F /* POS_App.xcdatamodel */,
			);
			currentVersion = 0BE038EA29F81F6D002CB20F /* POS_App.xcdatamodel */;
			path = POS_App.xcdatamodeld;
			sourceTree = "<group>";
			versionGroupType = wrapper.xcdatamodel;
		};
/* End XCVersionGroup section */
	};
	rootObject = 0BE038D529F81F6D002CB20F /* Project object */;
}
